
Microsoft Visual Studio Solution File, Format Version 12.00
# Visual Studio Version 16
VisualStudioVersion = 16.0.30523.141
MinimumVisualStudioVersion = 10.0.40219.1
Project("{9A19103F-16F7-4668-BE54-9A1E7A4F7556}") = "01.First", "01.First\01.First.csproj", "{DD744188-C4BF-499F-8338-9FB21CF6E866}"
EndProject
Project("{9A19103F-16F7-4668-BE54-9A1E7A4F7556}") = "02.BigInteger", "02.BigInteger\02.BigInteger.csproj", "{347FF8B2-BC4C-4323-AAF8-FD7472861E7D}"
EndProject
Project("{9A19103F-16F7-4668-BE54-9A1E7A4F7556}") = "03.Sons", "03.Sons\03.Sons.csproj", "{B2BDF906-AB4D-4E81-B8CE-F86DF49E5E88}"
EndProject
Project("{9A19103F-16F7-4668-BE54-9A1E7A4F7556}") = "04.Students", "04.Students\04.Students.csproj", "{786CE919-0907-4F14-8891-AF0B26726A17}"
EndProject
Project("{9A19103F-16F7-4668-BE54-9A1E7A4F7556}") = "05.Students2.0", "05.Students2.0\05.Students2.0.csproj", "{61EB60A6-DD53-4182-8A41-4554A2A97A4A}"
EndProject
Project("{FAE04EC0-301F-11D3-BF4B-00C04F79EFBC}") = "06.StorBoxes", "06.StorBoxes\06.StorBoxes.csproj", "{B26BE83D-BF02-4FDB-A2A9-F39B79D3A501}"
EndProject
Project("{FAE04EC0-301F-11D3-BF4B-00C04F79EFBC}") = "07.Catalog", "07.Catalog\07.Catalog.csproj", "{2388BB3D-FDF2-417D-876C-89D35BA5D0AC}"
EndProject
Global
	GlobalSection(SolutionConfigurationPlatforms) = preSolution
		Debug|Any CPU = Debug|Any CPU
		Release|Any CPU = Release|Any CPU
	EndGlobalSection
	GlobalSection(ProjectConfigurationPlatforms) = postSolution
		{DD744188-C4BF-499F-8338-9FB21CF6E866}.Debug|Any CPU.ActiveCfg = Debug|Any CPU
		{DD744188-C4BF-499F-8338-9FB21CF6E866}.Debug|Any CPU.Build.0 = Debug|Any CPU
		{DD744188-C4BF-499F-8338-9FB21CF6E866}.Release|Any CPU.ActiveCfg = Release|Any CPU
		{DD744188-C4BF-499F-8338-9FB21CF6E866}.Release|Any CPU.Build.0 = Release|Any CPU
		{347FF8B2-BC4C-4323-AAF8-FD7472861E7D}.Debug|Any CPU.ActiveCfg = Debug|Any CPU
		{347FF8B2-BC4C-4323-AAF8-FD7472861E7D}.Debug|Any CPU.Build.0 = Debug|Any CPU
		{347FF8B2-BC4C-4323-AAF8-FD7472861E7D}.Release|Any CPU.ActiveCfg = Release|Any CPU
		{347FF8B2-BC4C-4323-AAF8-FD7472861E7D}.Release|Any CPU.Build.0 = Release|Any CPU
		{B2BDF906-AB4D-4E81-B8CE-F86DF49E5E88}.Debug|Any CPU.ActiveCfg = Debug|Any CPU
		{B2BDF906-AB4D-4E81-B8CE-F86DF49E5E88}.Debug|Any CPU.Build.0 = Debug|Any CPU
		{B2BDF906-AB4D-4E81-B8CE-F86DF49E5E88}.Release|Any CPU.ActiveCfg = Release|Any CPU
		{B2BDF906-AB4D-4E81-B8CE-F86DF49E5E88}.Release|Any CPU.Build.0 = Release|Any CPU
		{786CE919-0907-4F14-8891-AF0B26726A17}.Debug|Any CPU.ActiveCfg = Debug|Any CPU
		{786CE919-0907-4F14-8891-AF0B26726A17}.Debug|Any CPU.Build.0 = Debug|Any CPU
		{786CE919-0907-4F14-8891-AF0B26726A17}.Release|Any CPU.ActiveCfg = Release|Any CPU
		{786CE919-0907-4F14-8891-AF0B26726A17}.Release|Any CPU.Build.0 = Release|Any CPU
		{61EB60A6-DD53-4182-8A41-4554A2A97A4A}.Debug|Any CPU.ActiveCfg = Debug|Any CPU
		{61EB60A6-DD53-4182-8A41-4554A2A97A4A}.Debug|Any CPU.Build.0 = Debug|Any CPU
		{61EB60A6-DD53-4182-8A41-4554A2A97A4A}.Release|Any CPU.ActiveCfg = Release|Any CPU
		{61EB60A6-DD53-4182-8A41-4554A2A97A4A}.Release|Any CPU.Build.0 = Release|Any CPU
		{B26BE83D-BF02-4FDB-A2A9-F39B79D3A501}.Debug|Any CPU.ActiveCfg = Debug|Any CPU
		{B26BE83D-BF02-4FDB-A2A9-F39B79D3A501}.Debug|Any CPU.Build.0 = Debug|Any CPU
		{B26BE83D-BF02-4FDB-A2A9-F39B79D3A501}.Release|Any CPU.ActiveCfg = Release|Any CPU
		{B26BE83D-BF02-4FDB-A2A9-F39B79D3A501}.Release|Any CPU.Build.0 = Release|Any CPU
		{2388BB3D-FDF2-417D-876C-89D35BA5D0AC}.Debug|Any CPU.ActiveCfg = Debug|Any CPU
		{2388BB3D-FDF2-417D-876C-89D35BA5D0AC}.Debug|Any CPU.Build.0 = Debug|Any CPU
		{2388BB3D-FDF2-417D-876C-89D35BA5D0AC}.Release|Any CPU.ActiveCfg = Release|Any CPU
		{2388BB3D-FDF2-417D-876C-89D35BA5D0AC}.Release|Any CPU.Build.0 = Release|Any CPU
	EndGlobalSection
	GlobalSection(SolutionProperties) = preSolution
		HideSolutionNode = FALSE
	EndGlobalSection
	GlobalSection(ExtensibilityGlobals) = postSolution
		SolutionGuid = {F5AEECD3-F0B7-486E-BC58-2F7086D721BC}
	EndGlobalSection
EndGlobal
