
Microsoft Visual Studio Solution File, Format Version 12.00
# Visual Studio Version 16
VisualStudioVersion = 16.0.30907.101
MinimumVisualStudioVersion = 10.0.40219.1
Project("{9A19103F-16F7-4668-BE54-9A1E7A4F7556}") = "01.Library", "1.Library\01.Library.csproj", "{D9FCCED9-5E14-4773-9C99-3ADA9A7F10A6}"
EndProject
Project("{9A19103F-16F7-4668-BE54-9A1E7A4F7556}") = "02.LibraryIterator", "IteratorsAndComparators\02.LibraryIterator.csproj", "{871DB522-2287-4CAA-884A-46F8E615CF0D}"
EndProject
Project("{9A19103F-16F7-4668-BE54-9A1E7A4F7556}") = "03.Comparable Book", "03.ComparableBook\03.Comparable Book.csproj", "{178021F9-1A49-4D3F-B108-6A454CBBDC44}"
EndProject
Project("{FAE04EC0-301F-11D3-BF4B-00C04F79EFBC}") = "IteratorsAndComparators", "04.BookComparator\IteratorsAndComparators.csproj", "{39B52C44-D2C6-41A8-871E-CCA2CE829706}"
EndProject
Global
	GlobalSection(SolutionConfigurationPlatforms) = preSolution
		Debug|Any CPU = Debug|Any CPU
		Release|Any CPU = Release|Any CPU
	EndGlobalSection
	GlobalSection(ProjectConfigurationPlatforms) = postSolution
		{D9FCCED9-5E14-4773-9C99-3ADA9A7F10A6}.Debug|Any CPU.ActiveCfg = Debug|Any CPU
		{D9FCCED9-5E14-4773-9C99-3ADA9A7F10A6}.Debug|Any CPU.Build.0 = Debug|Any CPU
		{D9FCCED9-5E14-4773-9C99-3ADA9A7F10A6}.Release|Any CPU.ActiveCfg = Release|Any CPU
		{D9FCCED9-5E14-4773-9C99-3ADA9A7F10A6}.Release|Any CPU.Build.0 = Release|Any CPU
		{871DB522-2287-4CAA-884A-46F8E615CF0D}.Debug|Any CPU.ActiveCfg = Debug|Any CPU
		{871DB522-2287-4CAA-884A-46F8E615CF0D}.Debug|Any CPU.Build.0 = Debug|Any CPU
		{871DB522-2287-4CAA-884A-46F8E615CF0D}.Release|Any CPU.ActiveCfg = Release|Any CPU
		{871DB522-2287-4CAA-884A-46F8E615CF0D}.Release|Any CPU.Build.0 = Release|Any CPU
		{178021F9-1A49-4D3F-B108-6A454CBBDC44}.Debug|Any CPU.ActiveCfg = Debug|Any CPU
		{178021F9-1A49-4D3F-B108-6A454CBBDC44}.Debug|Any CPU.Build.0 = Debug|Any CPU
		{178021F9-1A49-4D3F-B108-6A454CBBDC44}.Release|Any CPU.ActiveCfg = Release|Any CPU
		{178021F9-1A49-4D3F-B108-6A454CBBDC44}.Release|Any CPU.Build.0 = Release|Any CPU
		{39B52C44-D2C6-41A8-871E-CCA2CE829706}.Debug|Any CPU.ActiveCfg = Debug|Any CPU
		{39B52C44-D2C6-41A8-871E-CCA2CE829706}.Debug|Any CPU.Build.0 = Debug|Any CPU
		{39B52C44-D2C6-41A8-871E-CCA2CE829706}.Release|Any CPU.ActiveCfg = Release|Any CPU
		{39B52C44-D2C6-41A8-871E-CCA2CE829706}.Release|Any CPU.Build.0 = Release|Any CPU
	EndGlobalSection
	GlobalSection(SolutionProperties) = preSolution
		HideSolutionNode = FALSE
	EndGlobalSection
	GlobalSection(ExtensibilityGlobals) = postSolution
		SolutionGuid = {5BC096C5-899B-499E-94E4-1A5F128F77A4}
	EndGlobalSection
EndGlobal
