
Microsoft Visual Studio Solution File, Format Version 12.00
# Visual Studio Version 16
VisualStudioVersion = 16.0.30804.86
MinimumVisualStudioVersion = 10.0.40219.1
Project("{FAE04EC0-301F-11D3-BF4B-00C04F79EFBC}") = "01.WorldTour", "01.WorldTour\01.WorldTour.csproj", "{2DBC08D8-6C03-4469-851C-A645A7673C07}"
EndProject
Project("{FAE04EC0-301F-11D3-BF4B-00C04F79EFBC}") = "02.DestnationMapper", "02.DestnationMapper\02.DestnationMapper.csproj", "{B43CED53-DD74-4932-B637-1E85B65536B1}"
EndProject
Project("{FAE04EC0-301F-11D3-BF4B-00C04F79EFBC}") = "03.PlantDiscovery", "03.PlantDiscovery\03.PlantDiscovery.csproj", "{C6F2AAE0-4E37-4766-AD57-9B0FFD06D9D8}"
EndProject
Global
	GlobalSection(SolutionConfigurationPlatforms) = preSolution
		Debug|Any CPU = Debug|Any CPU
		Release|Any CPU = Release|Any CPU
	EndGlobalSection
	GlobalSection(ProjectConfigurationPlatforms) = postSolution
		{2DBC08D8-6C03-4469-851C-A645A7673C07}.Debug|Any CPU.ActiveCfg = Debug|Any CPU
		{2DBC08D8-6C03-4469-851C-A645A7673C07}.Debug|Any CPU.Build.0 = Debug|Any CPU
		{2DBC08D8-6C03-4469-851C-A645A7673C07}.Release|Any CPU.ActiveCfg = Release|Any CPU
		{2DBC08D8-6C03-4469-851C-A645A7673C07}.Release|Any CPU.Build.0 = Release|Any CPU
		{B43CED53-DD74-4932-B637-1E85B65536B1}.Debug|Any CPU.ActiveCfg = Debug|Any CPU
		{B43CED53-DD74-4932-B637-1E85B65536B1}.Debug|Any CPU.Build.0 = Debug|Any CPU
		{B43CED53-DD74-4932-B637-1E85B65536B1}.Release|Any CPU.ActiveCfg = Release|Any CPU
		{B43CED53-DD74-4932-B637-1E85B65536B1}.Release|Any CPU.Build.0 = Release|Any CPU
		{C6F2AAE0-4E37-4766-AD57-9B0FFD06D9D8}.Debug|Any CPU.ActiveCfg = Debug|Any CPU
		{C6F2AAE0-4E37-4766-AD57-9B0FFD06D9D8}.Debug|Any CPU.Build.0 = Debug|Any CPU
		{C6F2AAE0-4E37-4766-AD57-9B0FFD06D9D8}.Release|Any CPU.ActiveCfg = Release|Any CPU
		{C6F2AAE0-4E37-4766-AD57-9B0FFD06D9D8}.Release|Any CPU.Build.0 = Release|Any CPU
	EndGlobalSection
	GlobalSection(SolutionProperties) = preSolution
		HideSolutionNode = FALSE
	EndGlobalSection
	GlobalSection(ExtensibilityGlobals) = postSolution
		SolutionGuid = {3E018BA2-9396-46DE-A91D-75ACE59412CB}
	EndGlobalSection
EndGlobal
