
Microsoft Visual Studio Solution File, Format Version 12.00
# Visual Studio Version 16
VisualStudioVersion = 16.0.30011.22
MinimumVisualStudioVersion = 10.0.40219.1
Project("{9A19103F-16F7-4668-BE54-9A1E7A4F7556}") = "Days", "Days\Days.csproj", "{56BF737D-9AFA-47C9-AE8F-6D98A77C044D}"
EndProject
Project("{9A19103F-16F7-4668-BE54-9A1E7A4F7556}") = "Animal", "Animal\Animal.csproj", "{2BF9F5D4-4DDB-47E4-BD94-CC760E9D6DC7}"
EndProject
Project("{9A19103F-16F7-4668-BE54-9A1E7A4F7556}") = "ManMasterMiss", "ManMasterMiss\ManMasterMiss.csproj", "{6A9C2591-C7FF-49F4-84A9-92E33A256402}"
EndProject
Project("{9A19103F-16F7-4668-BE54-9A1E7A4F7556}") = "SmallShop", "SmallShop\SmallShop.csproj", "{72292BC8-3943-429E-8F47-401221AC5A6F}"
EndProject
Project("{9A19103F-16F7-4668-BE54-9A1E7A4F7556}") = "Frout", "Frout\Frout.csproj", "{D1F0B35B-64ED-4696-863E-5E9E2898ECFB}"
EndProject
Project("{9A19103F-16F7-4668-BE54-9A1E7A4F7556}") = "number", "number\number.csproj", "{E8456344-8196-4744-AC64-8E169468EEE2}"
EndProject
Project("{9A19103F-16F7-4668-BE54-9A1E7A4F7556}") = "Invalid", "Invalid\Invalid.csproj", "{B7C2F245-41F7-48E2-9EE2-A45060FA6DF9}"
EndProject
Project("{9A19103F-16F7-4668-BE54-9A1E7A4F7556}") = "FruitShop", "FruitShop\FruitShop.csproj", "{43A50426-4963-4121-8C90-DDE26C99159B}"
EndProject
Project("{9A19103F-16F7-4668-BE54-9A1E7A4F7556}") = "Komisionna", "Komisionna\Komisionna.csproj", "{9F093DE0-B504-4D55-A3D9-1CA74F625358}"
EndProject
Project("{FAE04EC0-301F-11D3-BF4B-00C04F79EFBC}") = "SkiTrip", "SkiTrip\SkiTrip.csproj", "{108EF490-39AE-49AC-9E6B-C5126EE3AF8A}"
EndProject
Global
	GlobalSection(SolutionConfigurationPlatforms) = preSolution
		Debug|Any CPU = Debug|Any CPU
		Release|Any CPU = Release|Any CPU
	EndGlobalSection
	GlobalSection(ProjectConfigurationPlatforms) = postSolution
		{56BF737D-9AFA-47C9-AE8F-6D98A77C044D}.Debug|Any CPU.ActiveCfg = Debug|Any CPU
		{56BF737D-9AFA-47C9-AE8F-6D98A77C044D}.Debug|Any CPU.Build.0 = Debug|Any CPU
		{56BF737D-9AFA-47C9-AE8F-6D98A77C044D}.Release|Any CPU.ActiveCfg = Release|Any CPU
		{56BF737D-9AFA-47C9-AE8F-6D98A77C044D}.Release|Any CPU.Build.0 = Release|Any CPU
		{2BF9F5D4-4DDB-47E4-BD94-CC760E9D6DC7}.Debug|Any CPU.ActiveCfg = Debug|Any CPU
		{2BF9F5D4-4DDB-47E4-BD94-CC760E9D6DC7}.Debug|Any CPU.Build.0 = Debug|Any CPU
		{2BF9F5D4-4DDB-47E4-BD94-CC760E9D6DC7}.Release|Any CPU.ActiveCfg = Release|Any CPU
		{2BF9F5D4-4DDB-47E4-BD94-CC760E9D6DC7}.Release|Any CPU.Build.0 = Release|Any CPU
		{6A9C2591-C7FF-49F4-84A9-92E33A256402}.Debug|Any CPU.ActiveCfg = Debug|Any CPU
		{6A9C2591-C7FF-49F4-84A9-92E33A256402}.Debug|Any CPU.Build.0 = Debug|Any CPU
		{6A9C2591-C7FF-49F4-84A9-92E33A256402}.Release|Any CPU.ActiveCfg = Release|Any CPU
		{6A9C2591-C7FF-49F4-84A9-92E33A256402}.Release|Any CPU.Build.0 = Release|Any CPU
		{72292BC8-3943-429E-8F47-401221AC5A6F}.Debug|Any CPU.ActiveCfg = Debug|Any CPU
		{72292BC8-3943-429E-8F47-401221AC5A6F}.Debug|Any CPU.Build.0 = Debug|Any CPU
		{72292BC8-3943-429E-8F47-401221AC5A6F}.Release|Any CPU.ActiveCfg = Release|Any CPU
		{72292BC8-3943-429E-8F47-401221AC5A6F}.Release|Any CPU.Build.0 = Release|Any CPU
		{D1F0B35B-64ED-4696-863E-5E9E2898ECFB}.Debug|Any CPU.ActiveCfg = Debug|Any CPU
		{D1F0B35B-64ED-4696-863E-5E9E2898ECFB}.Debug|Any CPU.Build.0 = Debug|Any CPU
		{D1F0B35B-64ED-4696-863E-5E9E2898ECFB}.Release|Any CPU.ActiveCfg = Release|Any CPU
		{D1F0B35B-64ED-4696-863E-5E9E2898ECFB}.Release|Any CPU.Build.0 = Release|Any CPU
		{E8456344-8196-4744-AC64-8E169468EEE2}.Debug|Any CPU.ActiveCfg = Debug|Any CPU
		{E8456344-8196-4744-AC64-8E169468EEE2}.Debug|Any CPU.Build.0 = Debug|Any CPU
		{E8456344-8196-4744-AC64-8E169468EEE2}.Release|Any CPU.ActiveCfg = Release|Any CPU
		{E8456344-8196-4744-AC64-8E169468EEE2}.Release|Any CPU.Build.0 = Release|Any CPU
		{B7C2F245-41F7-48E2-9EE2-A45060FA6DF9}.Debug|Any CPU.ActiveCfg = Debug|Any CPU
		{B7C2F245-41F7-48E2-9EE2-A45060FA6DF9}.Debug|Any CPU.Build.0 = Debug|Any CPU
		{B7C2F245-41F7-48E2-9EE2-A45060FA6DF9}.Release|Any CPU.ActiveCfg = Release|Any CPU
		{B7C2F245-41F7-48E2-9EE2-A45060FA6DF9}.Release|Any CPU.Build.0 = Release|Any CPU
		{43A50426-4963-4121-8C90-DDE26C99159B}.Debug|Any CPU.ActiveCfg = Debug|Any CPU
		{43A50426-4963-4121-8C90-DDE26C99159B}.Debug|Any CPU.Build.0 = Debug|Any CPU
		{43A50426-4963-4121-8C90-DDE26C99159B}.Release|Any CPU.ActiveCfg = Release|Any CPU
		{43A50426-4963-4121-8C90-DDE26C99159B}.Release|Any CPU.Build.0 = Release|Any CPU
		{9F093DE0-B504-4D55-A3D9-1CA74F625358}.Debug|Any CPU.ActiveCfg = Debug|Any CPU
		{9F093DE0-B504-4D55-A3D9-1CA74F625358}.Debug|Any CPU.Build.0 = Debug|Any CPU
		{9F093DE0-B504-4D55-A3D9-1CA74F625358}.Release|Any CPU.ActiveCfg = Release|Any CPU
		{9F093DE0-B504-4D55-A3D9-1CA74F625358}.Release|Any CPU.Build.0 = Release|Any CPU
		{108EF490-39AE-49AC-9E6B-C5126EE3AF8A}.Debug|Any CPU.ActiveCfg = Debug|Any CPU
		{108EF490-39AE-49AC-9E6B-C5126EE3AF8A}.Debug|Any CPU.Build.0 = Debug|Any CPU
		{108EF490-39AE-49AC-9E6B-C5126EE3AF8A}.Release|Any CPU.ActiveCfg = Release|Any CPU
		{108EF490-39AE-49AC-9E6B-C5126EE3AF8A}.Release|Any CPU.Build.0 = Release|Any CPU
	EndGlobalSection
	GlobalSection(SolutionProperties) = preSolution
		HideSolutionNode = FALSE
	EndGlobalSection
	GlobalSection(ExtensibilityGlobals) = postSolution
		SolutionGuid = {AD558352-6B71-42C3-8391-961417622CBB}
	EndGlobalSection
EndGlobal
