
Microsoft Visual Studio Solution File, Format Version 12.00
# Visual Studio Version 16
VisualStudioVersion = 16.0.29926.136
MinimumVisualStudioVersion = 10.0.40219.1
Project("{FAE04EC0-301F-11D3-BF4B-00C04F79EFBC}") = "SqardLice", "SqardLice\SqardLice.csproj", "{A2302738-6A06-4D46-A9EC-33E0621D6B51}"
EndProject
Global
	GlobalSection(SolutionConfigurationPlatforms) = preSolution
		Debug|Any CPU = Debug|Any CPU
		Release|Any CPU = Release|Any CPU
	EndGlobalSection
	GlobalSection(ProjectConfigurationPlatforms) = postSolution
		{A2302738-6A06-4D46-A9EC-33E0621D6B51}.Debug|Any CPU.ActiveCfg = Debug|Any CPU
		{A2302738-6A06-4D46-A9EC-33E0621D6B51}.Debug|Any CPU.Build.0 = Debug|Any CPU
		{A2302738-6A06-4D46-A9EC-33E0621D6B51}.Release|Any CPU.ActiveCfg = Release|Any CPU
		{A2302738-6A06-4D46-A9EC-33E0621D6B51}.Release|Any CPU.Build.0 = Release|Any CPU
	EndGlobalSection
	GlobalSection(SolutionProperties) = preSolution
		HideSolutionNode = FALSE
	EndGlobalSection
	GlobalSection(ExtensibilityGlobals) = postSolution
		SolutionGuid = {342BB60B-F590-4A57-B1C4-AF2FA749C358}
	EndGlobalSection
EndGlobal
