
Microsoft Visual Studio Solution File, Format Version 12.00
# Visual Studio Version 16
VisualStudioVersion = 16.0.30907.101
MinimumVisualStudioVersion = 10.0.40219.1
Project("{FAE04EC0-301F-11D3-BF4B-00C04F79EFBC}") = "BoxOfT", "BoxOfT\BoxOfT.csproj", "{3C29B441-B4D2-4299-8878-9EE102556692}"
EndProject
Project("{FAE04EC0-301F-11D3-BF4B-00C04F79EFBC}") = "GenericArrayCreator", "ArrayCreator\GenericArrayCreator.csproj", "{6479F66B-F231-4101-B5F8-0DE8E5B5A14E}"
EndProject
Global
	GlobalSection(SolutionConfigurationPlatforms) = preSolution
		Debug|Any CPU = Debug|Any CPU
		Release|Any CPU = Release|Any CPU
	EndGlobalSection
	GlobalSection(ProjectConfigurationPlatforms) = postSolution
		{3C29B441-B4D2-4299-8878-9EE102556692}.Debug|Any CPU.ActiveCfg = Debug|Any CPU
		{3C29B441-B4D2-4299-8878-9EE102556692}.Debug|Any CPU.Build.0 = Debug|Any CPU
		{3C29B441-B4D2-4299-8878-9EE102556692}.Release|Any CPU.ActiveCfg = Release|Any CPU
		{3C29B441-B4D2-4299-8878-9EE102556692}.Release|Any CPU.Build.0 = Release|Any CPU
		{6479F66B-F231-4101-B5F8-0DE8E5B5A14E}.Debug|Any CPU.ActiveCfg = Debug|Any CPU
		{6479F66B-F231-4101-B5F8-0DE8E5B5A14E}.Debug|Any CPU.Build.0 = Debug|Any CPU
		{6479F66B-F231-4101-B5F8-0DE8E5B5A14E}.Release|Any CPU.ActiveCfg = Release|Any CPU
		{6479F66B-F231-4101-B5F8-0DE8E5B5A14E}.Release|Any CPU.Build.0 = Release|Any CPU
	EndGlobalSection
	GlobalSection(SolutionProperties) = preSolution
		HideSolutionNode = FALSE
	EndGlobalSection
	GlobalSection(ExtensibilityGlobals) = postSolution
		SolutionGuid = {C86C98F7-3B33-4E44-83C7-E23447ECF26B}
	EndGlobalSection
EndGlobal
