
Microsoft Visual Studio Solution File, Format Version 12.00
# Visual Studio Version 16
VisualStudioVersion = 16.0.29926.136
MinimumVisualStudioVersion = 10.0.40219.1
Project("{FAE04EC0-301F-11D3-BF4B-00C04F79EFBC}") = "1", "1\1.csproj", "{3441ED3D-A635-447C-BFE2-49C8EE332FEE}"
EndProject
Global
	GlobalSection(SolutionConfigurationPlatforms) = preSolution
		Debug|Any CPU = Debug|Any CPU
		Release|Any CPU = Release|Any CPU
	EndGlobalSection
	GlobalSection(ProjectConfigurationPlatforms) = postSolution
		{3441ED3D-A635-447C-BFE2-49C8EE332FEE}.Debug|Any CPU.ActiveCfg = Debug|Any CPU
		{3441ED3D-A635-447C-BFE2-49C8EE332FEE}.Debug|Any CPU.Build.0 = Debug|Any CPU
		{3441ED3D-A635-447C-BFE2-49C8EE332FEE}.Release|Any CPU.ActiveCfg = Release|Any CPU
		{3441ED3D-A635-447C-BFE2-49C8EE332FEE}.Release|Any CPU.Build.0 = Release|Any CPU
	EndGlobalSection
	GlobalSection(SolutionProperties) = preSolution
		HideSolutionNode = FALSE
	EndGlobalSection
	GlobalSection(ExtensibilityGlobals) = postSolution
		SolutionGuid = {90973CA7-1020-46C3-917C-5CBCF65FEAA3}
	EndGlobalSection
EndGlobal
