
Microsoft Visual Studio Solution File, Format Version 12.00
# Visual Studio Version 16
VisualStudioVersion = 16.0.30621.155
MinimumVisualStudioVersion = 10.0.40219.1
Project("{9A19103F-16F7-4668-BE54-9A1E7A4F7556}") = "01.Bonus Scoring System", "01.Bonus Scoring System\01.Bonus Scoring System.csproj", "{584A2F07-6D2C-44D2-8302-F9EB3594DC56}"
EndProject
Project("{FAE04EC0-301F-11D3-BF4B-00C04F79EFBC}") = "02.MuOnline", "02.MuOnline\02.MuOnline.csproj", "{CB5B9015-DFEE-4835-9627-BB3C97E818E9}"
EndProject
Project("{FAE04EC0-301F-11D3-BF4B-00C04F79EFBC}") = "03.Investory", "03.Investory\03.Investory.csproj", "{6F439CB0-BF1B-4B81-A8C2-C3938542E463}"
EndProject
Global
	GlobalSection(SolutionConfigurationPlatforms) = preSolution
		Debug|Any CPU = Debug|Any CPU
		Release|Any CPU = Release|Any CPU
	EndGlobalSection
	GlobalSection(ProjectConfigurationPlatforms) = postSolution
		{584A2F07-6D2C-44D2-8302-F9EB3594DC56}.Debug|Any CPU.ActiveCfg = Debug|Any CPU
		{584A2F07-6D2C-44D2-8302-F9EB3594DC56}.Debug|Any CPU.Build.0 = Debug|Any CPU
		{584A2F07-6D2C-44D2-8302-F9EB3594DC56}.Release|Any CPU.ActiveCfg = Release|Any CPU
		{584A2F07-6D2C-44D2-8302-F9EB3594DC56}.Release|Any CPU.Build.0 = Release|Any CPU
		{CB5B9015-DFEE-4835-9627-BB3C97E818E9}.Debug|Any CPU.ActiveCfg = Debug|Any CPU
		{CB5B9015-DFEE-4835-9627-BB3C97E818E9}.Debug|Any CPU.Build.0 = Debug|Any CPU
		{CB5B9015-DFEE-4835-9627-BB3C97E818E9}.Release|Any CPU.ActiveCfg = Release|Any CPU
		{CB5B9015-DFEE-4835-9627-BB3C97E818E9}.Release|Any CPU.Build.0 = Release|Any CPU
		{6F439CB0-BF1B-4B81-A8C2-C3938542E463}.Debug|Any CPU.ActiveCfg = Debug|Any CPU
		{6F439CB0-BF1B-4B81-A8C2-C3938542E463}.Debug|Any CPU.Build.0 = Debug|Any CPU
		{6F439CB0-BF1B-4B81-A8C2-C3938542E463}.Release|Any CPU.ActiveCfg = Release|Any CPU
		{6F439CB0-BF1B-4B81-A8C2-C3938542E463}.Release|Any CPU.Build.0 = Release|Any CPU
	EndGlobalSection
	GlobalSection(SolutionProperties) = preSolution
		HideSolutionNode = FALSE
	EndGlobalSection
	GlobalSection(ExtensibilityGlobals) = postSolution
		SolutionGuid = {95379E2D-ACCB-4922-A63B-1E1D92D5854F}
	EndGlobalSection
EndGlobal
