
Microsoft Visual Studio Solution File, Format Version 12.00
# Visual Studio Version 16
VisualStudioVersion = 16.0.30907.101
MinimumVisualStudioVersion = 10.0.40219.1
Project("{FAE04EC0-301F-11D3-BF4B-00C04F79EFBC}") = "01.ImplementTheCustomListClass", "01.ImplementTheCustomListClass\01.ImplementTheCustomListClass.csproj", "{D6C47789-C8A1-443B-BC02-9D812E301F75}"
EndProject
Global
	GlobalSection(SolutionConfigurationPlatforms) = preSolution
		Debug|Any CPU = Debug|Any CPU
		Release|Any CPU = Release|Any CPU
	EndGlobalSection
	GlobalSection(ProjectConfigurationPlatforms) = postSolution
		{D6C47789-C8A1-443B-BC02-9D812E301F75}.Debug|Any CPU.ActiveCfg = Debug|Any CPU
		{D6C47789-C8A1-443B-BC02-9D812E301F75}.Debug|Any CPU.Build.0 = Debug|Any CPU
		{D6C47789-C8A1-443B-BC02-9D812E301F75}.Release|Any CPU.ActiveCfg = Release|Any CPU
		{D6C47789-C8A1-443B-BC02-9D812E301F75}.Release|Any CPU.Build.0 = Release|Any CPU
	EndGlobalSection
	GlobalSection(SolutionProperties) = preSolution
		HideSolutionNode = FALSE
	EndGlobalSection
	GlobalSection(ExtensibilityGlobals) = postSolution
		SolutionGuid = {09634ABA-2113-4973-8776-D80DF311ED44}
	EndGlobalSection
EndGlobal
