
Microsoft Visual Studio Solution File, Format Version 12.00
# Visual Studio Version 16
VisualStudioVersion = 16.0.30621.155
MinimumVisualStudioVersion = 10.0.40219.1
Project("{FAE04EC0-301F-11D3-BF4B-00C04F79EFBC}") = "01.TextRevers", "01.TextRevers\01.TextRevers.csproj", "{0A78F81E-2B33-4A27-A954-185D60299C3E}"
EndProject
Project("{FAE04EC0-301F-11D3-BF4B-00C04F79EFBC}") = "02.RepeatString", "02.RepeatString\02.RepeatString.csproj", "{23A2BAED-025B-4176-9E64-B7688CE2B169}"
EndProject
Project("{FAE04EC0-301F-11D3-BF4B-00C04F79EFBC}") = "03.Substring", "03.Substring\03.Substring.csproj", "{1DEF071C-FBAB-4A6A-AE08-D57094E71DB5}"
EndProject
Project("{FAE04EC0-301F-11D3-BF4B-00C04F79EFBC}") = "04.TextFilter", "04.TextFilter\04.TextFilter.csproj", "{1D6C6E3B-47F8-42B4-A99C-8B5819B477E4}"
EndProject
Project("{FAE04EC0-301F-11D3-BF4B-00C04F79EFBC}") = "05.Digit,Letter,OrOther", "05.Digit,Letter,OrOther\05.Digit,Letter,OrOther.csproj", "{4998065B-7234-4836-BB47-96336E74AAD2}"
EndProject
Global
	GlobalSection(SolutionConfigurationPlatforms) = preSolution
		Debug|Any CPU = Debug|Any CPU
		Release|Any CPU = Release|Any CPU
	EndGlobalSection
	GlobalSection(ProjectConfigurationPlatforms) = postSolution
		{0A78F81E-2B33-4A27-A954-185D60299C3E}.Debug|Any CPU.ActiveCfg = Debug|Any CPU
		{0A78F81E-2B33-4A27-A954-185D60299C3E}.Debug|Any CPU.Build.0 = Debug|Any CPU
		{0A78F81E-2B33-4A27-A954-185D60299C3E}.Release|Any CPU.ActiveCfg = Release|Any CPU
		{0A78F81E-2B33-4A27-A954-185D60299C3E}.Release|Any CPU.Build.0 = Release|Any CPU
		{23A2BAED-025B-4176-9E64-B7688CE2B169}.Debug|Any CPU.ActiveCfg = Debug|Any CPU
		{23A2BAED-025B-4176-9E64-B7688CE2B169}.Debug|Any CPU.Build.0 = Debug|Any CPU
		{23A2BAED-025B-4176-9E64-B7688CE2B169}.Release|Any CPU.ActiveCfg = Release|Any CPU
		{23A2BAED-025B-4176-9E64-B7688CE2B169}.Release|Any CPU.Build.0 = Release|Any CPU
		{1DEF071C-FBAB-4A6A-AE08-D57094E71DB5}.Debug|Any CPU.ActiveCfg = Debug|Any CPU
		{1DEF071C-FBAB-4A6A-AE08-D57094E71DB5}.Debug|Any CPU.Build.0 = Debug|Any CPU
		{1DEF071C-FBAB-4A6A-AE08-D57094E71DB5}.Release|Any CPU.ActiveCfg = Release|Any CPU
		{1DEF071C-FBAB-4A6A-AE08-D57094E71DB5}.Release|Any CPU.Build.0 = Release|Any CPU
		{1D6C6E3B-47F8-42B4-A99C-8B5819B477E4}.Debug|Any CPU.ActiveCfg = Debug|Any CPU
		{1D6C6E3B-47F8-42B4-A99C-8B5819B477E4}.Debug|Any CPU.Build.0 = Debug|Any CPU
		{1D6C6E3B-47F8-42B4-A99C-8B5819B477E4}.Release|Any CPU.ActiveCfg = Release|Any CPU
		{1D6C6E3B-47F8-42B4-A99C-8B5819B477E4}.Release|Any CPU.Build.0 = Release|Any CPU
		{4998065B-7234-4836-BB47-96336E74AAD2}.Debug|Any CPU.ActiveCfg = Debug|Any CPU
		{4998065B-7234-4836-BB47-96336E74AAD2}.Debug|Any CPU.Build.0 = Debug|Any CPU
		{4998065B-7234-4836-BB47-96336E74AAD2}.Release|Any CPU.ActiveCfg = Release|Any CPU
		{4998065B-7234-4836-BB47-96336E74AAD2}.Release|Any CPU.Build.0 = Release|Any CPU
	EndGlobalSection
	GlobalSection(SolutionProperties) = preSolution
		HideSolutionNode = FALSE
	EndGlobalSection
	GlobalSection(ExtensibilityGlobals) = postSolution
		SolutionGuid = {F7B96689-070B-4A8E-A1DA-ADF52F48AC7C}
	EndGlobalSection
EndGlobal
