
Microsoft Visual Studio Solution File, Format Version 12.00
# Visual Studio Version 16
VisualStudioVersion = 16.0.30523.141
MinimumVisualStudioVersion = 10.0.40219.1
Project("{FAE04EC0-301F-11D3-BF4B-00C04F79EFBC}") = "01.SumAdjalect", "01.SumAdjalect\01.SumAdjalect.csproj", "{C91C025C-5236-4ABB-A5CD-58163E80E779}"
EndProject
Project("{FAE04EC0-301F-11D3-BF4B-00C04F79EFBC}") = "02.GaussTrick", "02.GaussTrick\02.GaussTrick.csproj", "{0FABE2B7-6AB3-4179-92EA-B35F4A833754}"
EndProject
Project("{FAE04EC0-301F-11D3-BF4B-00C04F79EFBC}") = "03.MarginList", "03.MarginList\03.MarginList.csproj", "{EF726484-D8EC-426A-B37C-EB0A3E3242B5}"
EndProject
Project("{FAE04EC0-301F-11D3-BF4B-00C04F79EFBC}") = "04.ListOfProduct", "04.ListOfProduct\04.ListOfProduct.csproj", "{CF021E92-F39A-4421-8FF1-4B5C05640B24}"
EndProject
Project("{FAE04EC0-301F-11D3-BF4B-00C04F79EFBC}") = "05.RemoveNegative", "05.RemoveNegative\05.RemoveNegative.csproj", "{EC5E4135-A373-4933-911E-FBCD93DDE0B1}"
EndProject
Project("{FAE04EC0-301F-11D3-BF4B-00C04F79EFBC}") = "06.ListManipolatorBasic", "06.ListManipolatorBasic\06.ListManipolatorBasic.csproj", "{1B8AA9A1-F2EA-4574-B521-695FCB0A684C}"
EndProject
Project("{FAE04EC0-301F-11D3-BF4B-00C04F79EFBC}") = "07.ListManipulatorAdvans", "07.ListManipulatorAdvans\07.ListManipulatorAdvans.csproj", "{59122EED-B2CE-437D-8953-781A4583EE23}"
EndProject
Global
	GlobalSection(SolutionConfigurationPlatforms) = preSolution
		Debug|Any CPU = Debug|Any CPU
		Release|Any CPU = Release|Any CPU
	EndGlobalSection
	GlobalSection(ProjectConfigurationPlatforms) = postSolution
		{C91C025C-5236-4ABB-A5CD-58163E80E779}.Debug|Any CPU.ActiveCfg = Debug|Any CPU
		{C91C025C-5236-4ABB-A5CD-58163E80E779}.Debug|Any CPU.Build.0 = Debug|Any CPU
		{C91C025C-5236-4ABB-A5CD-58163E80E779}.Release|Any CPU.ActiveCfg = Release|Any CPU
		{C91C025C-5236-4ABB-A5CD-58163E80E779}.Release|Any CPU.Build.0 = Release|Any CPU
		{0FABE2B7-6AB3-4179-92EA-B35F4A833754}.Debug|Any CPU.ActiveCfg = Debug|Any CPU
		{0FABE2B7-6AB3-4179-92EA-B35F4A833754}.Debug|Any CPU.Build.0 = Debug|Any CPU
		{0FABE2B7-6AB3-4179-92EA-B35F4A833754}.Release|Any CPU.ActiveCfg = Release|Any CPU
		{0FABE2B7-6AB3-4179-92EA-B35F4A833754}.Release|Any CPU.Build.0 = Release|Any CPU
		{EF726484-D8EC-426A-B37C-EB0A3E3242B5}.Debug|Any CPU.ActiveCfg = Debug|Any CPU
		{EF726484-D8EC-426A-B37C-EB0A3E3242B5}.Debug|Any CPU.Build.0 = Debug|Any CPU
		{EF726484-D8EC-426A-B37C-EB0A3E3242B5}.Release|Any CPU.ActiveCfg = Release|Any CPU
		{EF726484-D8EC-426A-B37C-EB0A3E3242B5}.Release|Any CPU.Build.0 = Release|Any CPU
		{CF021E92-F39A-4421-8FF1-4B5C05640B24}.Debug|Any CPU.ActiveCfg = Debug|Any CPU
		{CF021E92-F39A-4421-8FF1-4B5C05640B24}.Debug|Any CPU.Build.0 = Debug|Any CPU
		{CF021E92-F39A-4421-8FF1-4B5C05640B24}.Release|Any CPU.ActiveCfg = Release|Any CPU
		{CF021E92-F39A-4421-8FF1-4B5C05640B24}.Release|Any CPU.Build.0 = Release|Any CPU
		{EC5E4135-A373-4933-911E-FBCD93DDE0B1}.Debug|Any CPU.ActiveCfg = Debug|Any CPU
		{EC5E4135-A373-4933-911E-FBCD93DDE0B1}.Debug|Any CPU.Build.0 = Debug|Any CPU
		{EC5E4135-A373-4933-911E-FBCD93DDE0B1}.Release|Any CPU.ActiveCfg = Release|Any CPU
		{EC5E4135-A373-4933-911E-FBCD93DDE0B1}.Release|Any CPU.Build.0 = Release|Any CPU
		{1B8AA9A1-F2EA-4574-B521-695FCB0A684C}.Debug|Any CPU.ActiveCfg = Debug|Any CPU
		{1B8AA9A1-F2EA-4574-B521-695FCB0A684C}.Debug|Any CPU.Build.0 = Debug|Any CPU
		{1B8AA9A1-F2EA-4574-B521-695FCB0A684C}.Release|Any CPU.ActiveCfg = Release|Any CPU
		{1B8AA9A1-F2EA-4574-B521-695FCB0A684C}.Release|Any CPU.Build.0 = Release|Any CPU
		{59122EED-B2CE-437D-8953-781A4583EE23}.Debug|Any CPU.ActiveCfg = Debug|Any CPU
		{59122EED-B2CE-437D-8953-781A4583EE23}.Debug|Any CPU.Build.0 = Debug|Any CPU
		{59122EED-B2CE-437D-8953-781A4583EE23}.Release|Any CPU.ActiveCfg = Release|Any CPU
		{59122EED-B2CE-437D-8953-781A4583EE23}.Release|Any CPU.Build.0 = Release|Any CPU
	EndGlobalSection
	GlobalSection(SolutionProperties) = preSolution
		HideSolutionNode = FALSE
	EndGlobalSection
	GlobalSection(ExtensibilityGlobals) = postSolution
		SolutionGuid = {BA733051-4DB0-43F3-8F5F-C25E951DBFB4}
	EndGlobalSection
EndGlobal
