
Microsoft Visual Studio Solution File, Format Version 12.00
# Visual Studio Version 16
VisualStudioVersion = 16.0.30503.244
MinimumVisualStudioVersion = 10.0.40219.1
Project("{FAE04EC0-301F-11D3-BF4B-00C04F79EFBC}") = "01.SortNumbers", "01.SortNumbers\01.SortNumbers.csproj", "{103B0790-EC7C-4B83-BC34-2DCE198C1C99}"
EndProject
Project("{FAE04EC0-301F-11D3-BF4B-00C04F79EFBC}") = "02.EnglishNameOfTheLastDay", "02.EnglishNameOfTheLastDay\02.EnglishNameOfTheLastDay.csproj", "{5A6FB2DB-CDF5-4763-84E4-8C3992CF547A}"
EndProject
Project("{FAE04EC0-301F-11D3-BF4B-00C04F79EFBC}") = "03.GamingStore", "03.GamingStore\03.GamingStore.csproj", "{8D197A37-A03D-4A21-B47B-B18061DC2080}"
EndProject
Project("{FAE04EC0-301F-11D3-BF4B-00C04F79EFBC}") = "04.ReversString", "04.ReversString\04.ReversString.csproj", "{937E8AA3-5231-44FD-A717-9685CAE7887E}"
EndProject
Project("{FAE04EC0-301F-11D3-BF4B-00C04F79EFBC}") = "05.Messages", "05.Messages\05.Messages.csproj", "{DAD02315-52DE-4AA6-8CB9-ECC0CF31802B}"
EndProject
Global
	GlobalSection(SolutionConfigurationPlatforms) = preSolution
		Debug|Any CPU = Debug|Any CPU
		Release|Any CPU = Release|Any CPU
	EndGlobalSection
	GlobalSection(ProjectConfigurationPlatforms) = postSolution
		{103B0790-EC7C-4B83-BC34-2DCE198C1C99}.Debug|Any CPU.ActiveCfg = Debug|Any CPU
		{103B0790-EC7C-4B83-BC34-2DCE198C1C99}.Debug|Any CPU.Build.0 = Debug|Any CPU
		{103B0790-EC7C-4B83-BC34-2DCE198C1C99}.Release|Any CPU.ActiveCfg = Release|Any CPU
		{103B0790-EC7C-4B83-BC34-2DCE198C1C99}.Release|Any CPU.Build.0 = Release|Any CPU
		{5A6FB2DB-CDF5-4763-84E4-8C3992CF547A}.Debug|Any CPU.ActiveCfg = Debug|Any CPU
		{5A6FB2DB-CDF5-4763-84E4-8C3992CF547A}.Debug|Any CPU.Build.0 = Debug|Any CPU
		{5A6FB2DB-CDF5-4763-84E4-8C3992CF547A}.Release|Any CPU.ActiveCfg = Release|Any CPU
		{5A6FB2DB-CDF5-4763-84E4-8C3992CF547A}.Release|Any CPU.Build.0 = Release|Any CPU
		{8D197A37-A03D-4A21-B47B-B18061DC2080}.Debug|Any CPU.ActiveCfg = Debug|Any CPU
		{8D197A37-A03D-4A21-B47B-B18061DC2080}.Debug|Any CPU.Build.0 = Debug|Any CPU
		{8D197A37-A03D-4A21-B47B-B18061DC2080}.Release|Any CPU.ActiveCfg = Release|Any CPU
		{8D197A37-A03D-4A21-B47B-B18061DC2080}.Release|Any CPU.Build.0 = Release|Any CPU
		{937E8AA3-5231-44FD-A717-9685CAE7887E}.Debug|Any CPU.ActiveCfg = Debug|Any CPU
		{937E8AA3-5231-44FD-A717-9685CAE7887E}.Debug|Any CPU.Build.0 = Debug|Any CPU
		{937E8AA3-5231-44FD-A717-9685CAE7887E}.Release|Any CPU.ActiveCfg = Release|Any CPU
		{937E8AA3-5231-44FD-A717-9685CAE7887E}.Release|Any CPU.Build.0 = Release|Any CPU
		{DAD02315-52DE-4AA6-8CB9-ECC0CF31802B}.Debug|Any CPU.ActiveCfg = Debug|Any CPU
		{DAD02315-52DE-4AA6-8CB9-ECC0CF31802B}.Debug|Any CPU.Build.0 = Debug|Any CPU
		{DAD02315-52DE-4AA6-8CB9-ECC0CF31802B}.Release|Any CPU.ActiveCfg = Release|Any CPU
		{DAD02315-52DE-4AA6-8CB9-ECC0CF31802B}.Release|Any CPU.Build.0 = Release|Any CPU
	EndGlobalSection
	GlobalSection(SolutionProperties) = preSolution
		HideSolutionNode = FALSE
	EndGlobalSection
	GlobalSection(ExtensibilityGlobals) = postSolution
		SolutionGuid = {07F3657D-E882-416B-92EE-C08250177F5C}
	EndGlobalSection
EndGlobal
