
Microsoft Visual Studio Solution File, Format Version 12.00
# Visual Studio Version 16
VisualStudioVersion = 16.0.30621.155
MinimumVisualStudioVersion = 10.0.40219.1
Project("{FAE04EC0-301F-11D3-BF4B-00C04F79EFBC}") = "01.validUserName", "01.validUserName\01.validUserName.csproj", "{CADA115A-4530-4B13-BB01-73156A9818F2}"
EndProject
Project("{FAE04EC0-301F-11D3-BF4B-00C04F79EFBC}") = "02.CharacterMultiplier", "02.CharacterMultiplier\02.CharacterMultiplier.csproj", "{42EFD104-A066-4EE2-9E62-44F3C56BDB63}"
EndProject
Project("{FAE04EC0-301F-11D3-BF4B-00C04F79EFBC}") = "03.ExtraktFile", "03.ExtraktFile\03.ExtraktFile.csproj", "{292F6E8F-21AF-46A6-A96C-66FF83C5D945}"
EndProject
Project("{FAE04EC0-301F-11D3-BF4B-00C04F79EFBC}") = "04.CeaserCipher", "04.CeaserCipher\04.CeaserCipher.csproj", "{1B5CB991-0411-483D-988C-6A6175ADBE79}"
EndProject
Project("{FAE04EC0-301F-11D3-BF4B-00C04F79EFBC}") = "05.MultiplicatBigNum", "05.MultiplicatBigNum\05.MultiplicatBigNum.csproj", "{D4C16E56-F65D-440B-8E2D-4D07238223DF}"
EndProject
Project("{FAE04EC0-301F-11D3-BF4B-00C04F79EFBC}") = "06.ReplceRepeatingChars", "06.ReplceRepeatingChars\06.ReplceRepeatingChars.csproj", "{0C01B90F-F615-42E0-8969-1A5F85F21A42}"
EndProject
Project("{FAE04EC0-301F-11D3-BF4B-00C04F79EFBC}") = "07.StringExplosion", "07.StringExplosion\07.StringExplosion.csproj", "{17A12414-C4C0-423E-BC38-959BCBD0AB49}"
EndProject
Project("{FAE04EC0-301F-11D3-BF4B-00C04F79EFBC}") = "08.LetersChangeNumbers", "08.LetersChangeNumbers\08.LetersChangeNumbers.csproj", "{4966B72F-4136-456D-B194-B883388BBC7C}"
EndProject
Global
	GlobalSection(SolutionConfigurationPlatforms) = preSolution
		Debug|Any CPU = Debug|Any CPU
		Release|Any CPU = Release|Any CPU
	EndGlobalSection
	GlobalSection(ProjectConfigurationPlatforms) = postSolution
		{CADA115A-4530-4B13-BB01-73156A9818F2}.Debug|Any CPU.ActiveCfg = Debug|Any CPU
		{CADA115A-4530-4B13-BB01-73156A9818F2}.Debug|Any CPU.Build.0 = Debug|Any CPU
		{CADA115A-4530-4B13-BB01-73156A9818F2}.Release|Any CPU.ActiveCfg = Release|Any CPU
		{CADA115A-4530-4B13-BB01-73156A9818F2}.Release|Any CPU.Build.0 = Release|Any CPU
		{42EFD104-A066-4EE2-9E62-44F3C56BDB63}.Debug|Any CPU.ActiveCfg = Debug|Any CPU
		{42EFD104-A066-4EE2-9E62-44F3C56BDB63}.Debug|Any CPU.Build.0 = Debug|Any CPU
		{42EFD104-A066-4EE2-9E62-44F3C56BDB63}.Release|Any CPU.ActiveCfg = Release|Any CPU
		{42EFD104-A066-4EE2-9E62-44F3C56BDB63}.Release|Any CPU.Build.0 = Release|Any CPU
		{292F6E8F-21AF-46A6-A96C-66FF83C5D945}.Debug|Any CPU.ActiveCfg = Debug|Any CPU
		{292F6E8F-21AF-46A6-A96C-66FF83C5D945}.Debug|Any CPU.Build.0 = Debug|Any CPU
		{292F6E8F-21AF-46A6-A96C-66FF83C5D945}.Release|Any CPU.ActiveCfg = Release|Any CPU
		{292F6E8F-21AF-46A6-A96C-66FF83C5D945}.Release|Any CPU.Build.0 = Release|Any CPU
		{1B5CB991-0411-483D-988C-6A6175ADBE79}.Debug|Any CPU.ActiveCfg = Debug|Any CPU
		{1B5CB991-0411-483D-988C-6A6175ADBE79}.Debug|Any CPU.Build.0 = Debug|Any CPU
		{1B5CB991-0411-483D-988C-6A6175ADBE79}.Release|Any CPU.ActiveCfg = Release|Any CPU
		{1B5CB991-0411-483D-988C-6A6175ADBE79}.Release|Any CPU.Build.0 = Release|Any CPU
		{D4C16E56-F65D-440B-8E2D-4D07238223DF}.Debug|Any CPU.ActiveCfg = Debug|Any CPU
		{D4C16E56-F65D-440B-8E2D-4D07238223DF}.Debug|Any CPU.Build.0 = Debug|Any CPU
		{D4C16E56-F65D-440B-8E2D-4D07238223DF}.Release|Any CPU.ActiveCfg = Release|Any CPU
		{D4C16E56-F65D-440B-8E2D-4D07238223DF}.Release|Any CPU.Build.0 = Release|Any CPU
		{0C01B90F-F615-42E0-8969-1A5F85F21A42}.Debug|Any CPU.ActiveCfg = Debug|Any CPU
		{0C01B90F-F615-42E0-8969-1A5F85F21A42}.Debug|Any CPU.Build.0 = Debug|Any CPU
		{0C01B90F-F615-42E0-8969-1A5F85F21A42}.Release|Any CPU.ActiveCfg = Release|Any CPU
		{0C01B90F-F615-42E0-8969-1A5F85F21A42}.Release|Any CPU.Build.0 = Release|Any CPU
		{17A12414-C4C0-423E-BC38-959BCBD0AB49}.Debug|Any CPU.ActiveCfg = Debug|Any CPU
		{17A12414-C4C0-423E-BC38-959BCBD0AB49}.Debug|Any CPU.Build.0 = Debug|Any CPU
		{17A12414-C4C0-423E-BC38-959BCBD0AB49}.Release|Any CPU.ActiveCfg = Release|Any CPU
		{17A12414-C4C0-423E-BC38-959BCBD0AB49}.Release|Any CPU.Build.0 = Release|Any CPU
		{4966B72F-4136-456D-B194-B883388BBC7C}.Debug|Any CPU.ActiveCfg = Debug|Any CPU
		{4966B72F-4136-456D-B194-B883388BBC7C}.Debug|Any CPU.Build.0 = Debug|Any CPU
		{4966B72F-4136-456D-B194-B883388BBC7C}.Release|Any CPU.ActiveCfg = Release|Any CPU
		{4966B72F-4136-456D-B194-B883388BBC7C}.Release|Any CPU.Build.0 = Release|Any CPU
	EndGlobalSection
	GlobalSection(SolutionProperties) = preSolution
		HideSolutionNode = FALSE
	EndGlobalSection
	GlobalSection(ExtensibilityGlobals) = postSolution
		SolutionGuid = {E8B10976-6D52-498F-819A-BB61C5DEBB1A}
	EndGlobalSection
EndGlobal
