
Microsoft Visual Studio Solution File, Format Version 12.00
# Visual Studio Version 16
VisualStudioVersion = 16.0.29926.136
MinimumVisualStudioVersion = 10.0.40219.1
Project("{FAE04EC0-301F-11D3-BF4B-00C04F79EFBC}") = "AreaTrapec", "AreaTrapec\AreaTrapec.csproj", "{4A28C658-B2B1-46EA-8A30-C65932CDF758}"
EndProject
Global
	GlobalSection(SolutionConfigurationPlatforms) = preSolution
		Debug|Any CPU = Debug|Any CPU
		Release|Any CPU = Release|Any CPU
	EndGlobalSection
	GlobalSection(ProjectConfigurationPlatforms) = postSolution
		{4A28C658-B2B1-46EA-8A30-C65932CDF758}.Debug|Any CPU.ActiveCfg = Debug|Any CPU
		{4A28C658-B2B1-46EA-8A30-C65932CDF758}.Debug|Any CPU.Build.0 = Debug|Any CPU
		{4A28C658-B2B1-46EA-8A30-C65932CDF758}.Release|Any CPU.ActiveCfg = Release|Any CPU
		{4A28C658-B2B1-46EA-8A30-C65932CDF758}.Release|Any CPU.Build.0 = Release|Any CPU
	EndGlobalSection
	GlobalSection(SolutionProperties) = preSolution
		HideSolutionNode = FALSE
	EndGlobalSection
	GlobalSection(ExtensibilityGlobals) = postSolution
		SolutionGuid = {E11AD084-1634-49E4-A24A-3FD15832310B}
	EndGlobalSection
EndGlobal
