
Microsoft Visual Studio Solution File, Format Version 12.00
# Visual Studio Version 16
VisualStudioVersion = 16.0.30503.244
MinimumVisualStudioVersion = 10.0.40219.1
Project("{9A19103F-16F7-4668-BE54-9A1E7A4F7556}") = "01.ConvertMetersToKilometers", "01.ConvertMetersToKilometers\01.ConvertMetersToKilometers.csproj", "{E49B3CEF-EA62-497D-B680-70ED257F5CE0}"
EndProject
Project("{9A19103F-16F7-4668-BE54-9A1E7A4F7556}") = "02.PaundToDolar", "02.PaundToDolar\02.PaundToDolar.csproj", "{1ED23305-1B61-4D64-8B95-FBC77D2FE2B4}"
EndProject
Project("{FAE04EC0-301F-11D3-BF4B-00C04F79EFBC}") = "03.ExtractRealNum", "03.ExtractRealNum\03.ExtractRealNum.csproj", "{D271E7E5-FA3A-444E-A55C-311F456232D3}"
EndProject
Project("{FAE04EC0-301F-11D3-BF4B-00C04F79EFBC}") = "04.CalculatTheMinets", "04.CalculatTheMinets\04.CalculatTheMinets.csproj", "{EB78E1AA-B873-40FE-8E2A-7A8D71D3084A}"
EndProject
Project("{FAE04EC0-301F-11D3-BF4B-00C04F79EFBC}") = "05.SpecialNum", "05.SpecialNum\05.SpecialNum.csproj", "{AFCE2F60-BEA9-4960-9B6B-F2531723CAFF}"
EndProject
Project("{FAE04EC0-301F-11D3-BF4B-00C04F79EFBC}") = "06.ReversChar", "06.ReversChar\06.ReversChar.csproj", "{70E13258-5617-43A6-AEDC-F653B5DD726C}"
EndProject
Project("{FAE04EC0-301F-11D3-BF4B-00C04F79EFBC}") = "07.ContactNames", "07.ContactNames\07.ContactNames.csproj", "{4BF6003A-DCD1-48AF-BB03-91DE2327A921}"
EndProject
Project("{FAE04EC0-301F-11D3-BF4B-00C04F79EFBC}") = "08.TownInfo", "08.TownInfo\08.TownInfo.csproj", "{B1BAA2D1-3620-4B39-9492-C9DE776F6EBC}"
EndProject
Project("{FAE04EC0-301F-11D3-BF4B-00C04F79EFBC}") = "09.CHarToString", "09.CHarToString\09.CHarToString.csproj", "{17CE8931-B3D2-4AFA-B50C-5703CDDC7F9B}"
EndProject
Project("{FAE04EC0-301F-11D3-BF4B-00C04F79EFBC}") = "10.LowerOrUp", "10.LowerOrUp\10.LowerOrUp.csproj", "{A70CE781-EAB5-4F4B-8572-CC3ECA4339FD}"
EndProject
Project("{FAE04EC0-301F-11D3-BF4B-00C04F79EFBC}") = "11.FixCode", "11.FixCode\11.FixCode.csproj", "{891C4477-D31D-4B17-B473-1C2BD49B6B70}"
EndProject
Global
	GlobalSection(SolutionConfigurationPlatforms) = preSolution
		Debug|Any CPU = Debug|Any CPU
		Release|Any CPU = Release|Any CPU
	EndGlobalSection
	GlobalSection(ProjectConfigurationPlatforms) = postSolution
		{E49B3CEF-EA62-497D-B680-70ED257F5CE0}.Debug|Any CPU.ActiveCfg = Debug|Any CPU
		{E49B3CEF-EA62-497D-B680-70ED257F5CE0}.Debug|Any CPU.Build.0 = Debug|Any CPU
		{E49B3CEF-EA62-497D-B680-70ED257F5CE0}.Release|Any CPU.ActiveCfg = Release|Any CPU
		{E49B3CEF-EA62-497D-B680-70ED257F5CE0}.Release|Any CPU.Build.0 = Release|Any CPU
		{1ED23305-1B61-4D64-8B95-FBC77D2FE2B4}.Debug|Any CPU.ActiveCfg = Debug|Any CPU
		{1ED23305-1B61-4D64-8B95-FBC77D2FE2B4}.Debug|Any CPU.Build.0 = Debug|Any CPU
		{1ED23305-1B61-4D64-8B95-FBC77D2FE2B4}.Release|Any CPU.ActiveCfg = Release|Any CPU
		{1ED23305-1B61-4D64-8B95-FBC77D2FE2B4}.Release|Any CPU.Build.0 = Release|Any CPU
		{D271E7E5-FA3A-444E-A55C-311F456232D3}.Debug|Any CPU.ActiveCfg = Debug|Any CPU
		{D271E7E5-FA3A-444E-A55C-311F456232D3}.Debug|Any CPU.Build.0 = Debug|Any CPU
		{D271E7E5-FA3A-444E-A55C-311F456232D3}.Release|Any CPU.ActiveCfg = Release|Any CPU
		{D271E7E5-FA3A-444E-A55C-311F456232D3}.Release|Any CPU.Build.0 = Release|Any CPU
		{EB78E1AA-B873-40FE-8E2A-7A8D71D3084A}.Debug|Any CPU.ActiveCfg = Debug|Any CPU
		{EB78E1AA-B873-40FE-8E2A-7A8D71D3084A}.Debug|Any CPU.Build.0 = Debug|Any CPU
		{EB78E1AA-B873-40FE-8E2A-7A8D71D3084A}.Release|Any CPU.ActiveCfg = Release|Any CPU
		{EB78E1AA-B873-40FE-8E2A-7A8D71D3084A}.Release|Any CPU.Build.0 = Release|Any CPU
		{AFCE2F60-BEA9-4960-9B6B-F2531723CAFF}.Debug|Any CPU.ActiveCfg = Debug|Any CPU
		{AFCE2F60-BEA9-4960-9B6B-F2531723CAFF}.Debug|Any CPU.Build.0 = Debug|Any CPU
		{AFCE2F60-BEA9-4960-9B6B-F2531723CAFF}.Release|Any CPU.ActiveCfg = Release|Any CPU
		{AFCE2F60-BEA9-4960-9B6B-F2531723CAFF}.Release|Any CPU.Build.0 = Release|Any CPU
		{70E13258-5617-43A6-AEDC-F653B5DD726C}.Debug|Any CPU.ActiveCfg = Debug|Any CPU
		{70E13258-5617-43A6-AEDC-F653B5DD726C}.Debug|Any CPU.Build.0 = Debug|Any CPU
		{70E13258-5617-43A6-AEDC-F653B5DD726C}.Release|Any CPU.ActiveCfg = Release|Any CPU
		{70E13258-5617-43A6-AEDC-F653B5DD726C}.Release|Any CPU.Build.0 = Release|Any CPU
		{4BF6003A-DCD1-48AF-BB03-91DE2327A921}.Debug|Any CPU.ActiveCfg = Debug|Any CPU
		{4BF6003A-DCD1-48AF-BB03-91DE2327A921}.Debug|Any CPU.Build.0 = Debug|Any CPU
		{4BF6003A-DCD1-48AF-BB03-91DE2327A921}.Release|Any CPU.ActiveCfg = Release|Any CPU
		{4BF6003A-DCD1-48AF-BB03-91DE2327A921}.Release|Any CPU.Build.0 = Release|Any CPU
		{B1BAA2D1-3620-4B39-9492-C9DE776F6EBC}.Debug|Any CPU.ActiveCfg = Debug|Any CPU
		{B1BAA2D1-3620-4B39-9492-C9DE776F6EBC}.Debug|Any CPU.Build.0 = Debug|Any CPU
		{B1BAA2D1-3620-4B39-9492-C9DE776F6EBC}.Release|Any CPU.ActiveCfg = Release|Any CPU
		{B1BAA2D1-3620-4B39-9492-C9DE776F6EBC}.Release|Any CPU.Build.0 = Release|Any CPU
		{17CE8931-B3D2-4AFA-B50C-5703CDDC7F9B}.Debug|Any CPU.ActiveCfg = Debug|Any CPU
		{17CE8931-B3D2-4AFA-B50C-5703CDDC7F9B}.Debug|Any CPU.Build.0 = Debug|Any CPU
		{17CE8931-B3D2-4AFA-B50C-5703CDDC7F9B}.Release|Any CPU.ActiveCfg = Release|Any CPU
		{17CE8931-B3D2-4AFA-B50C-5703CDDC7F9B}.Release|Any CPU.Build.0 = Release|Any CPU
		{A70CE781-EAB5-4F4B-8572-CC3ECA4339FD}.Debug|Any CPU.ActiveCfg = Debug|Any CPU
		{A70CE781-EAB5-4F4B-8572-CC3ECA4339FD}.Debug|Any CPU.Build.0 = Debug|Any CPU
		{A70CE781-EAB5-4F4B-8572-CC3ECA4339FD}.Release|Any CPU.ActiveCfg = Release|Any CPU
		{A70CE781-EAB5-4F4B-8572-CC3ECA4339FD}.Release|Any CPU.Build.0 = Release|Any CPU
		{891C4477-D31D-4B17-B473-1C2BD49B6B70}.Debug|Any CPU.ActiveCfg = Debug|Any CPU
		{891C4477-D31D-4B17-B473-1C2BD49B6B70}.Debug|Any CPU.Build.0 = Debug|Any CPU
		{891C4477-D31D-4B17-B473-1C2BD49B6B70}.Release|Any CPU.ActiveCfg = Release|Any CPU
		{891C4477-D31D-4B17-B473-1C2BD49B6B70}.Release|Any CPU.Build.0 = Release|Any CPU
	EndGlobalSection
	GlobalSection(SolutionProperties) = preSolution
		HideSolutionNode = FALSE
	EndGlobalSection
	GlobalSection(ExtensibilityGlobals) = postSolution
		SolutionGuid = {AA3ED1E3-254D-4D4B-8A4C-D5B447D51D86}
	EndGlobalSection
EndGlobal
