
Microsoft Visual Studio Solution File, Format Version 12.00
# Visual Studio Version 16
VisualStudioVersion = 16.0.30804.86
MinimumVisualStudioVersion = 10.0.40219.1
Project("{FAE04EC0-301F-11D3-BF4B-00C04F79EFBC}") = "zad", "zad\zad.csproj", "{D029BA84-F9A5-4DC5-AF16-3CBAF1C1F5C8}"
EndProject
Global
	GlobalSection(SolutionConfigurationPlatforms) = preSolution
		Debug|Any CPU = Debug|Any CPU
		Release|Any CPU = Release|Any CPU
	EndGlobalSection
	GlobalSection(ProjectConfigurationPlatforms) = postSolution
		{D029BA84-F9A5-4DC5-AF16-3CBAF1C1F5C8}.Debug|Any CPU.ActiveCfg = Debug|Any CPU
		{D029BA84-F9A5-4DC5-AF16-3CBAF1C1F5C8}.Debug|Any CPU.Build.0 = Debug|Any CPU
		{D029BA84-F9A5-4DC5-AF16-3CBAF1C1F5C8}.Release|Any CPU.ActiveCfg = Release|Any CPU
		{D029BA84-F9A5-4DC5-AF16-3CBAF1C1F5C8}.Release|Any CPU.Build.0 = Release|Any CPU
	EndGlobalSection
	GlobalSection(SolutionProperties) = preSolution
		HideSolutionNode = FALSE
	EndGlobalSection
	GlobalSection(ExtensibilityGlobals) = postSolution
		SolutionGuid = {E4E87D0A-BE59-4FF9-ACB7-8F54864E7DCC}
	EndGlobalSection
EndGlobal
