
Microsoft Visual Studio Solution File, Format Version 12.00
# Visual Studio Version 16
VisualStudioVersion = 16.0.30621.155
MinimumVisualStudioVersion = 10.0.40219.1
Project("{FAE04EC0-301F-11D3-BF4B-00C04F79EFBC}") = "01.CountRealNumbers", "01.CountRealNumbers\01.CountRealNumbers.csproj", "{AE125DC1-00CB-4300-8367-8BF3CB3FC247}"
EndProject
Project("{FAE04EC0-301F-11D3-BF4B-00C04F79EFBC}") = "02.OddOccurrences", "02.OddOccurrences\02.OddOccurrences.csproj", "{34F21B30-C0CA-435C-9326-5A56E48E24B0}"
EndProject
Project("{FAE04EC0-301F-11D3-BF4B-00C04F79EFBC}") = "03.WordSynonyms", "03.WordSynonyms\03.WordSynonyms.csproj", "{3BB967C0-7F7C-4770-855F-28E4BC512082}"
EndProject
Project("{FAE04EC0-301F-11D3-BF4B-00C04F79EFBC}") = "04.Largest3Numbers", "04.Largest3Numbers\04.Largest3Numbers.csproj", "{44A7CBAC-F630-4B41-82A1-F7ABD91D2887}"
EndProject
Project("{FAE04EC0-301F-11D3-BF4B-00C04F79EFBC}") = "05.WordFilter", "05.WordFilter\05.WordFilter.csproj", "{39FFB0DC-497E-4DE5-8624-E249D1E255FA}"
EndProject
Global
	GlobalSection(SolutionConfigurationPlatforms) = preSolution
		Debug|Any CPU = Debug|Any CPU
		Release|Any CPU = Release|Any CPU
	EndGlobalSection
	GlobalSection(ProjectConfigurationPlatforms) = postSolution
		{AE125DC1-00CB-4300-8367-8BF3CB3FC247}.Debug|Any CPU.ActiveCfg = Debug|Any CPU
		{AE125DC1-00CB-4300-8367-8BF3CB3FC247}.Debug|Any CPU.Build.0 = Debug|Any CPU
		{AE125DC1-00CB-4300-8367-8BF3CB3FC247}.Release|Any CPU.ActiveCfg = Release|Any CPU
		{AE125DC1-00CB-4300-8367-8BF3CB3FC247}.Release|Any CPU.Build.0 = Release|Any CPU
		{34F21B30-C0CA-435C-9326-5A56E48E24B0}.Debug|Any CPU.ActiveCfg = Debug|Any CPU
		{34F21B30-C0CA-435C-9326-5A56E48E24B0}.Debug|Any CPU.Build.0 = Debug|Any CPU
		{34F21B30-C0CA-435C-9326-5A56E48E24B0}.Release|Any CPU.ActiveCfg = Release|Any CPU
		{34F21B30-C0CA-435C-9326-5A56E48E24B0}.Release|Any CPU.Build.0 = Release|Any CPU
		{3BB967C0-7F7C-4770-855F-28E4BC512082}.Debug|Any CPU.ActiveCfg = Debug|Any CPU
		{3BB967C0-7F7C-4770-855F-28E4BC512082}.Debug|Any CPU.Build.0 = Debug|Any CPU
		{3BB967C0-7F7C-4770-855F-28E4BC512082}.Release|Any CPU.ActiveCfg = Release|Any CPU
		{3BB967C0-7F7C-4770-855F-28E4BC512082}.Release|Any CPU.Build.0 = Release|Any CPU
		{44A7CBAC-F630-4B41-82A1-F7ABD91D2887}.Debug|Any CPU.ActiveCfg = Debug|Any CPU
		{44A7CBAC-F630-4B41-82A1-F7ABD91D2887}.Debug|Any CPU.Build.0 = Debug|Any CPU
		{44A7CBAC-F630-4B41-82A1-F7ABD91D2887}.Release|Any CPU.ActiveCfg = Release|Any CPU
		{44A7CBAC-F630-4B41-82A1-F7ABD91D2887}.Release|Any CPU.Build.0 = Release|Any CPU
		{39FFB0DC-497E-4DE5-8624-E249D1E255FA}.Debug|Any CPU.ActiveCfg = Debug|Any CPU
		{39FFB0DC-497E-4DE5-8624-E249D1E255FA}.Debug|Any CPU.Build.0 = Debug|Any CPU
		{39FFB0DC-497E-4DE5-8624-E249D1E255FA}.Release|Any CPU.ActiveCfg = Release|Any CPU
		{39FFB0DC-497E-4DE5-8624-E249D1E255FA}.Release|Any CPU.Build.0 = Release|Any CPU
	EndGlobalSection
	GlobalSection(SolutionProperties) = preSolution
		HideSolutionNode = FALSE
	EndGlobalSection
	GlobalSection(ExtensibilityGlobals) = postSolution
		SolutionGuid = {C73AAC4A-2916-4DC0-9081-27AFBE69377C}
	EndGlobalSection
EndGlobal
