
Microsoft Visual Studio Solution File, Format Version 12.00
# Visual Studio Version 16
VisualStudioVersion = 16.0.30621.155
MinimumVisualStudioVersion = 10.0.40219.1
Project("{FAE04EC0-301F-11D3-BF4B-00C04F79EFBC}") = "01.First", "01.First\01.First.csproj", "{0294BDAA-197C-43F4-AA5C-93484267BD63}"
EndProject
Project("{FAE04EC0-301F-11D3-BF4B-00C04F79EFBC}") = "02.Second", "02.Second\02.Second.csproj", "{03BEA677-55D6-4AFD-85F3-5E73036EE1AA}"
EndProject
Project("{FAE04EC0-301F-11D3-BF4B-00C04F79EFBC}") = "03.Tree", "03.Tree\03.Tree.csproj", "{54E21046-A98C-4693-A9CC-9134682F2209}"
EndProject
Global
	GlobalSection(SolutionConfigurationPlatforms) = preSolution
		Debug|Any CPU = Debug|Any CPU
		Release|Any CPU = Release|Any CPU
	EndGlobalSection
	GlobalSection(ProjectConfigurationPlatforms) = postSolution
		{0294BDAA-197C-43F4-AA5C-93484267BD63}.Debug|Any CPU.ActiveCfg = Debug|Any CPU
		{0294BDAA-197C-43F4-AA5C-93484267BD63}.Debug|Any CPU.Build.0 = Debug|Any CPU
		{0294BDAA-197C-43F4-AA5C-93484267BD63}.Release|Any CPU.ActiveCfg = Release|Any CPU
		{0294BDAA-197C-43F4-AA5C-93484267BD63}.Release|Any CPU.Build.0 = Release|Any CPU
		{03BEA677-55D6-4AFD-85F3-5E73036EE1AA}.Debug|Any CPU.ActiveCfg = Debug|Any CPU
		{03BEA677-55D6-4AFD-85F3-5E73036EE1AA}.Debug|Any CPU.Build.0 = Debug|Any CPU
		{03BEA677-55D6-4AFD-85F3-5E73036EE1AA}.Release|Any CPU.ActiveCfg = Release|Any CPU
		{03BEA677-55D6-4AFD-85F3-5E73036EE1AA}.Release|Any CPU.Build.0 = Release|Any CPU
		{54E21046-A98C-4693-A9CC-9134682F2209}.Debug|Any CPU.ActiveCfg = Debug|Any CPU
		{54E21046-A98C-4693-A9CC-9134682F2209}.Debug|Any CPU.Build.0 = Debug|Any CPU
		{54E21046-A98C-4693-A9CC-9134682F2209}.Release|Any CPU.ActiveCfg = Release|Any CPU
		{54E21046-A98C-4693-A9CC-9134682F2209}.Release|Any CPU.Build.0 = Release|Any CPU
	EndGlobalSection
	GlobalSection(SolutionProperties) = preSolution
		HideSolutionNode = FALSE
	EndGlobalSection
	GlobalSection(ExtensibilityGlobals) = postSolution
		SolutionGuid = {E98A7D84-562B-49B3-BAB4-7BABE6999440}
	EndGlobalSection
EndGlobal
