
Microsoft Visual Studio Solution File, Format Version 12.00
# Visual Studio Version 16
VisualStudioVersion = 16.0.31005.135
MinimumVisualStudioVersion = 10.0.40219.1
Project("{9A19103F-16F7-4668-BE54-9A1E7A4F7556}") = "P01.SquareRoot", "P01.SquareRoot\P01.SquareRoot.csproj", "{FCB52168-4737-48D6-A229-835B3FAB42AD}"
EndProject
Project("{9A19103F-16F7-4668-BE54-9A1E7A4F7556}") = "P02.EnterNumbers", "P02.EnterNumbers\P02.EnterNumbers.csproj", "{4A497537-9C3C-4627-A581-AB5676FAEC68}"
EndProject
Project("{9A19103F-16F7-4668-BE54-9A1E7A4F7556}") = "P03.Fixing", "03.Fixing\P03.Fixing.csproj", "{04F693B3-4135-4C96-9ED8-133B92B5ABCC}"
EndProject
Project("{FAE04EC0-301F-11D3-BF4B-00C04F79EFBC}") = "P04.FixingVol2", "P04.FixingVol2\P04.FixingVol2.csproj", "{05BCBFA6-EF33-4989-BED0-A54495D0147F}"
EndProject
Project("{FAE04EC0-301F-11D3-BF4B-00C04F79EFBC}") = "P05.ConvertToDouble", "P05.ConvertToDouble\P05.ConvertToDouble.csproj", "{A5AD0FE1-75E0-4B72-A070-6D5566EAF371}"
EndProject
Global
	GlobalSection(SolutionConfigurationPlatforms) = preSolution
		Debug|Any CPU = Debug|Any CPU
		Release|Any CPU = Release|Any CPU
	EndGlobalSection
	GlobalSection(ProjectConfigurationPlatforms) = postSolution
		{FCB52168-4737-48D6-A229-835B3FAB42AD}.Debug|Any CPU.ActiveCfg = Debug|Any CPU
		{FCB52168-4737-48D6-A229-835B3FAB42AD}.Debug|Any CPU.Build.0 = Debug|Any CPU
		{FCB52168-4737-48D6-A229-835B3FAB42AD}.Release|Any CPU.ActiveCfg = Release|Any CPU
		{FCB52168-4737-48D6-A229-835B3FAB42AD}.Release|Any CPU.Build.0 = Release|Any CPU
		{4A497537-9C3C-4627-A581-AB5676FAEC68}.Debug|Any CPU.ActiveCfg = Debug|Any CPU
		{4A497537-9C3C-4627-A581-AB5676FAEC68}.Debug|Any CPU.Build.0 = Debug|Any CPU
		{4A497537-9C3C-4627-A581-AB5676FAEC68}.Release|Any CPU.ActiveCfg = Release|Any CPU
		{4A497537-9C3C-4627-A581-AB5676FAEC68}.Release|Any CPU.Build.0 = Release|Any CPU
		{04F693B3-4135-4C96-9ED8-133B92B5ABCC}.Debug|Any CPU.ActiveCfg = Debug|Any CPU
		{04F693B3-4135-4C96-9ED8-133B92B5ABCC}.Debug|Any CPU.Build.0 = Debug|Any CPU
		{04F693B3-4135-4C96-9ED8-133B92B5ABCC}.Release|Any CPU.ActiveCfg = Release|Any CPU
		{04F693B3-4135-4C96-9ED8-133B92B5ABCC}.Release|Any CPU.Build.0 = Release|Any CPU
		{05BCBFA6-EF33-4989-BED0-A54495D0147F}.Debug|Any CPU.ActiveCfg = Debug|Any CPU
		{05BCBFA6-EF33-4989-BED0-A54495D0147F}.Debug|Any CPU.Build.0 = Debug|Any CPU
		{05BCBFA6-EF33-4989-BED0-A54495D0147F}.Release|Any CPU.ActiveCfg = Release|Any CPU
		{05BCBFA6-EF33-4989-BED0-A54495D0147F}.Release|Any CPU.Build.0 = Release|Any CPU
		{A5AD0FE1-75E0-4B72-A070-6D5566EAF371}.Debug|Any CPU.ActiveCfg = Debug|Any CPU
		{A5AD0FE1-75E0-4B72-A070-6D5566EAF371}.Debug|Any CPU.Build.0 = Debug|Any CPU
		{A5AD0FE1-75E0-4B72-A070-6D5566EAF371}.Release|Any CPU.ActiveCfg = Release|Any CPU
		{A5AD0FE1-75E0-4B72-A070-6D5566EAF371}.Release|Any CPU.Build.0 = Release|Any CPU
	EndGlobalSection
	GlobalSection(SolutionProperties) = preSolution
		HideSolutionNode = FALSE
	EndGlobalSection
	GlobalSection(ExtensibilityGlobals) = postSolution
		SolutionGuid = {B853563E-127D-4CDD-8EC6-15C773595695}
	EndGlobalSection
EndGlobal
