
Microsoft Visual Studio Solution File, Format Version 12.00
# Visual Studio Version 16
VisualStudioVersion = 16.0.30907.101
MinimumVisualStudioVersion = 10.0.40219.1
Project("{FAE04EC0-301F-11D3-BF4B-00C04F79EFBC}") = "01.CountSameValuesinArray", "01.CountSameValuesinArray\01.CountSameValuesinArray.csproj", "{81213698-EBD5-48E9-875A-1A1D0A233786}"
EndProject
Project("{FAE04EC0-301F-11D3-BF4B-00C04F79EFBC}") = "02.AvarageStudentGrade", "02.AvarageStudentGrade\02.AvarageStudentGrade.csproj", "{744C9C53-58F6-4A90-A273-9FB94962E11D}"
EndProject
Project("{FAE04EC0-301F-11D3-BF4B-00C04F79EFBC}") = "03.ProductShop", "03.ProductShop\03.ProductShop.csproj", "{AF77F5DA-ED2F-4E42-9A2B-3E35ED916432}"
EndProject
Project("{FAE04EC0-301F-11D3-BF4B-00C04F79EFBC}") = "04.CitiesByContinetsAndCountry", "04.CitiesByContinetsAndCountry\04.CitiesByContinetsAndCountry.csproj", "{E34EB756-7BBA-4FC4-B701-FCADEBD1CF68}"
EndProject
Project("{FAE04EC0-301F-11D3-BF4B-00C04F79EFBC}") = "05.RecordUniqueNames", "05.RecordUniqueNames\05.RecordUniqueNames.csproj", "{75BCF6D7-4FD3-45DB-83D4-7F86B92407B0}"
EndProject
Project("{FAE04EC0-301F-11D3-BF4B-00C04F79EFBC}") = "06.ParkingLot", "06.ParkingLot\06.ParkingLot.csproj", "{F24948BB-47A9-4A00-BB5D-0792C4B3F56C}"
EndProject
Project("{FAE04EC0-301F-11D3-BF4B-00C04F79EFBC}") = "07.SoftUniParty", "07.SoftUniParty\07.SoftUniParty.csproj", "{9F54B0D5-4BA0-4584-91E1-3F164172027F}"
EndProject
Global
	GlobalSection(SolutionConfigurationPlatforms) = preSolution
		Debug|Any CPU = Debug|Any CPU
		Release|Any CPU = Release|Any CPU
	EndGlobalSection
	GlobalSection(ProjectConfigurationPlatforms) = postSolution
		{81213698-EBD5-48E9-875A-1A1D0A233786}.Debug|Any CPU.ActiveCfg = Debug|Any CPU
		{81213698-EBD5-48E9-875A-1A1D0A233786}.Debug|Any CPU.Build.0 = Debug|Any CPU
		{81213698-EBD5-48E9-875A-1A1D0A233786}.Release|Any CPU.ActiveCfg = Release|Any CPU
		{81213698-EBD5-48E9-875A-1A1D0A233786}.Release|Any CPU.Build.0 = Release|Any CPU
		{744C9C53-58F6-4A90-A273-9FB94962E11D}.Debug|Any CPU.ActiveCfg = Debug|Any CPU
		{744C9C53-58F6-4A90-A273-9FB94962E11D}.Debug|Any CPU.Build.0 = Debug|Any CPU
		{744C9C53-58F6-4A90-A273-9FB94962E11D}.Release|Any CPU.ActiveCfg = Release|Any CPU
		{744C9C53-58F6-4A90-A273-9FB94962E11D}.Release|Any CPU.Build.0 = Release|Any CPU
		{AF77F5DA-ED2F-4E42-9A2B-3E35ED916432}.Debug|Any CPU.ActiveCfg = Debug|Any CPU
		{AF77F5DA-ED2F-4E42-9A2B-3E35ED916432}.Debug|Any CPU.Build.0 = Debug|Any CPU
		{AF77F5DA-ED2F-4E42-9A2B-3E35ED916432}.Release|Any CPU.ActiveCfg = Release|Any CPU
		{AF77F5DA-ED2F-4E42-9A2B-3E35ED916432}.Release|Any CPU.Build.0 = Release|Any CPU
		{E34EB756-7BBA-4FC4-B701-FCADEBD1CF68}.Debug|Any CPU.ActiveCfg = Debug|Any CPU
		{E34EB756-7BBA-4FC4-B701-FCADEBD1CF68}.Debug|Any CPU.Build.0 = Debug|Any CPU
		{E34EB756-7BBA-4FC4-B701-FCADEBD1CF68}.Release|Any CPU.ActiveCfg = Release|Any CPU
		{E34EB756-7BBA-4FC4-B701-FCADEBD1CF68}.Release|Any CPU.Build.0 = Release|Any CPU
		{75BCF6D7-4FD3-45DB-83D4-7F86B92407B0}.Debug|Any CPU.ActiveCfg = Debug|Any CPU
		{75BCF6D7-4FD3-45DB-83D4-7F86B92407B0}.Debug|Any CPU.Build.0 = Debug|Any CPU
		{75BCF6D7-4FD3-45DB-83D4-7F86B92407B0}.Release|Any CPU.ActiveCfg = Release|Any CPU
		{75BCF6D7-4FD3-45DB-83D4-7F86B92407B0}.Release|Any CPU.Build.0 = Release|Any CPU
		{F24948BB-47A9-4A00-BB5D-0792C4B3F56C}.Debug|Any CPU.ActiveCfg = Debug|Any CPU
		{F24948BB-47A9-4A00-BB5D-0792C4B3F56C}.Debug|Any CPU.Build.0 = Debug|Any CPU
		{F24948BB-47A9-4A00-BB5D-0792C4B3F56C}.Release|Any CPU.ActiveCfg = Release|Any CPU
		{F24948BB-47A9-4A00-BB5D-0792C4B3F56C}.Release|Any CPU.Build.0 = Release|Any CPU
		{9F54B0D5-4BA0-4584-91E1-3F164172027F}.Debug|Any CPU.ActiveCfg = Debug|Any CPU
		{9F54B0D5-4BA0-4584-91E1-3F164172027F}.Debug|Any CPU.Build.0 = Debug|Any CPU
		{9F54B0D5-4BA0-4584-91E1-3F164172027F}.Release|Any CPU.ActiveCfg = Release|Any CPU
		{9F54B0D5-4BA0-4584-91E1-3F164172027F}.Release|Any CPU.Build.0 = Release|Any CPU
	EndGlobalSection
	GlobalSection(SolutionProperties) = preSolution
		HideSolutionNode = FALSE
	EndGlobalSection
	GlobalSection(ExtensibilityGlobals) = postSolution
		SolutionGuid = {66B90460-CBFB-4F4C-B9EC-3350B1911361}
	EndGlobalSection
EndGlobal
