
Microsoft Visual Studio Solution File, Format Version 12.00
# Visual Studio Version 16
VisualStudioVersion = 16.0.31112.23
MinimumVisualStudioVersion = 10.0.40219.1
Project("{9A19103F-16F7-4668-BE54-9A1E7A4F7556}") = "P01.Stealer", "P01.Stealer\P01.Stealer.csproj", "{BED35F6B-FFB1-42AC-B81E-E1F6E5845128}"
EndProject
Project("{FAE04EC0-301F-11D3-BF4B-00C04F79EFBC}") = "P02.HighQualityMistakes", "P02.HighQualityMistakes\P02.HighQualityMistakes.csproj", "{595369A6-4C71-4676-8ACC-67B051CD5685}"
EndProject
Project("{FAE04EC0-301F-11D3-BF4B-00C04F79EFBC}") = "P03.MissionPrivateInpossible", "P03.MissionPrivateInpossible\P03.MissionPrivateInpossible.csproj", "{6186377F-C868-4908-92B9-FE76FCDDF74E}"
EndProject
Project("{FAE04EC0-301F-11D3-BF4B-00C04F79EFBC}") = "P04.Collector", "P04.Collector\P04.Collector.csproj", "{455EAA9E-CA33-4832-B2F0-D59A915F6CAA}"
EndProject
Project("{FAE04EC0-301F-11D3-BF4B-00C04F79EFBC}") = "AuthorProblem", "AuthorProblem\AuthorProblem.csproj", "{11F9761F-4BE5-4E20-8EED-2DAF1ACF63AF}"
EndProject
Global
	GlobalSection(SolutionConfigurationPlatforms) = preSolution
		Debug|Any CPU = Debug|Any CPU
		Release|Any CPU = Release|Any CPU
	EndGlobalSection
	GlobalSection(ProjectConfigurationPlatforms) = postSolution
		{BED35F6B-FFB1-42AC-B81E-E1F6E5845128}.Debug|Any CPU.ActiveCfg = Debug|Any CPU
		{BED35F6B-FFB1-42AC-B81E-E1F6E5845128}.Debug|Any CPU.Build.0 = Debug|Any CPU
		{BED35F6B-FFB1-42AC-B81E-E1F6E5845128}.Release|Any CPU.ActiveCfg = Release|Any CPU
		{BED35F6B-FFB1-42AC-B81E-E1F6E5845128}.Release|Any CPU.Build.0 = Release|Any CPU
		{595369A6-4C71-4676-8ACC-67B051CD5685}.Debug|Any CPU.ActiveCfg = Debug|Any CPU
		{595369A6-4C71-4676-8ACC-67B051CD5685}.Debug|Any CPU.Build.0 = Debug|Any CPU
		{595369A6-4C71-4676-8ACC-67B051CD5685}.Release|Any CPU.ActiveCfg = Release|Any CPU
		{595369A6-4C71-4676-8ACC-67B051CD5685}.Release|Any CPU.Build.0 = Release|Any CPU
		{6186377F-C868-4908-92B9-FE76FCDDF74E}.Debug|Any CPU.ActiveCfg = Debug|Any CPU
		{6186377F-C868-4908-92B9-FE76FCDDF74E}.Debug|Any CPU.Build.0 = Debug|Any CPU
		{6186377F-C868-4908-92B9-FE76FCDDF74E}.Release|Any CPU.ActiveCfg = Release|Any CPU
		{6186377F-C868-4908-92B9-FE76FCDDF74E}.Release|Any CPU.Build.0 = Release|Any CPU
		{455EAA9E-CA33-4832-B2F0-D59A915F6CAA}.Debug|Any CPU.ActiveCfg = Debug|Any CPU
		{455EAA9E-CA33-4832-B2F0-D59A915F6CAA}.Debug|Any CPU.Build.0 = Debug|Any CPU
		{455EAA9E-CA33-4832-B2F0-D59A915F6CAA}.Release|Any CPU.ActiveCfg = Release|Any CPU
		{455EAA9E-CA33-4832-B2F0-D59A915F6CAA}.Release|Any CPU.Build.0 = Release|Any CPU
		{11F9761F-4BE5-4E20-8EED-2DAF1ACF63AF}.Debug|Any CPU.ActiveCfg = Debug|Any CPU
		{11F9761F-4BE5-4E20-8EED-2DAF1ACF63AF}.Debug|Any CPU.Build.0 = Debug|Any CPU
		{11F9761F-4BE5-4E20-8EED-2DAF1ACF63AF}.Release|Any CPU.ActiveCfg = Release|Any CPU
		{11F9761F-4BE5-4E20-8EED-2DAF1ACF63AF}.Release|Any CPU.Build.0 = Release|Any CPU
	EndGlobalSection
	GlobalSection(SolutionProperties) = preSolution
		HideSolutionNode = FALSE
	EndGlobalSection
	GlobalSection(ExtensibilityGlobals) = postSolution
		SolutionGuid = {E70E42CB-AE74-4387-97E2-F25731E7FCCF}
	EndGlobalSection
EndGlobal
