
Microsoft Visual Studio Solution File, Format Version 12.00
# Visual Studio Version 16
VisualStudioVersion = 16.0.30717.126
MinimumVisualStudioVersion = 10.0.40219.1
Project("{9A19103F-16F7-4668-BE54-9A1E7A4F7556}") = "01.SecretChat", "01.SecretChat\01.SecretChat.csproj", "{D081E1F9-9DF1-4B1A-BC56-11069634444B}"
EndProject
Project("{FAE04EC0-301F-11D3-BF4B-00C04F79EFBC}") = "02.MirrorWords", "02.MirrorWords\02.MirrorWords.csproj", "{59CF470A-88CB-4E13-8656-5847706E052C}"
EndProject
Project("{FAE04EC0-301F-11D3-BF4B-00C04F79EFBC}") = "03.NeedForSpeed3", "03.NeedForSpeed3\03.NeedForSpeed3.csproj", "{546C4111-05D4-496E-846E-59F8DA6C519B}"
EndProject
Global
	GlobalSection(SolutionConfigurationPlatforms) = preSolution
		Debug|Any CPU = Debug|Any CPU
		Release|Any CPU = Release|Any CPU
	EndGlobalSection
	GlobalSection(ProjectConfigurationPlatforms) = postSolution
		{D081E1F9-9DF1-4B1A-BC56-11069634444B}.Debug|Any CPU.ActiveCfg = Debug|Any CPU
		{D081E1F9-9DF1-4B1A-BC56-11069634444B}.Debug|Any CPU.Build.0 = Debug|Any CPU
		{D081E1F9-9DF1-4B1A-BC56-11069634444B}.Release|Any CPU.ActiveCfg = Release|Any CPU
		{D081E1F9-9DF1-4B1A-BC56-11069634444B}.Release|Any CPU.Build.0 = Release|Any CPU
		{59CF470A-88CB-4E13-8656-5847706E052C}.Debug|Any CPU.ActiveCfg = Debug|Any CPU
		{59CF470A-88CB-4E13-8656-5847706E052C}.Debug|Any CPU.Build.0 = Debug|Any CPU
		{59CF470A-88CB-4E13-8656-5847706E052C}.Release|Any CPU.ActiveCfg = Release|Any CPU
		{59CF470A-88CB-4E13-8656-5847706E052C}.Release|Any CPU.Build.0 = Release|Any CPU
		{546C4111-05D4-496E-846E-59F8DA6C519B}.Debug|Any CPU.ActiveCfg = Debug|Any CPU
		{546C4111-05D4-496E-846E-59F8DA6C519B}.Debug|Any CPU.Build.0 = Debug|Any CPU
		{546C4111-05D4-496E-846E-59F8DA6C519B}.Release|Any CPU.ActiveCfg = Release|Any CPU
		{546C4111-05D4-496E-846E-59F8DA6C519B}.Release|Any CPU.Build.0 = Release|Any CPU
	EndGlobalSection
	GlobalSection(SolutionProperties) = preSolution
		HideSolutionNode = FALSE
	EndGlobalSection
	GlobalSection(ExtensibilityGlobals) = postSolution
		SolutionGuid = {2BA0E530-32FE-4CCA-A765-A3C1862AFFDF}
	EndGlobalSection
EndGlobal
