
Microsoft Visual Studio Solution File, Format Version 12.00
# Visual Studio Version 16
VisualStudioVersion = 16.0.30011.22
MinimumVisualStudioVersion = 10.0.40219.1
Project("{9A19103F-16F7-4668-BE54-9A1E7A4F7556}") = "01.UniquePINCodes", "01.UniquePINCodes\01.UniquePINCodes.csproj", "{8367BD7D-D854-4B05-B4FD-0D213A301776}"
EndProject
Project("{FAE04EC0-301F-11D3-BF4B-00C04F79EFBC}") = "02.Abc", "02.Abc\02.Abc.csproj", "{8EE51DFB-EC88-4399-B9F1-D9D580F1862E}"
EndProject
Project("{FAE04EC0-301F-11D3-BF4B-00C04F79EFBC}") = "03.HappyNumbers", "03.HappyNumbers\03.HappyNumbers.csproj", "{A49F6472-062F-4548-AF59-FF2B0BFF6090}"
EndProject
Global
	GlobalSection(SolutionConfigurationPlatforms) = preSolution
		Debug|Any CPU = Debug|Any CPU
		Release|Any CPU = Release|Any CPU
	EndGlobalSection
	GlobalSection(ProjectConfigurationPlatforms) = postSolution
		{8367BD7D-D854-4B05-B4FD-0D213A301776}.Debug|Any CPU.ActiveCfg = Debug|Any CPU
		{8367BD7D-D854-4B05-B4FD-0D213A301776}.Debug|Any CPU.Build.0 = Debug|Any CPU
		{8367BD7D-D854-4B05-B4FD-0D213A301776}.Release|Any CPU.ActiveCfg = Release|Any CPU
		{8367BD7D-D854-4B05-B4FD-0D213A301776}.Release|Any CPU.Build.0 = Release|Any CPU
		{8EE51DFB-EC88-4399-B9F1-D9D580F1862E}.Debug|Any CPU.ActiveCfg = Debug|Any CPU
		{8EE51DFB-EC88-4399-B9F1-D9D580F1862E}.Debug|Any CPU.Build.0 = Debug|Any CPU
		{8EE51DFB-EC88-4399-B9F1-D9D580F1862E}.Release|Any CPU.ActiveCfg = Release|Any CPU
		{8EE51DFB-EC88-4399-B9F1-D9D580F1862E}.Release|Any CPU.Build.0 = Release|Any CPU
		{A49F6472-062F-4548-AF59-FF2B0BFF6090}.Debug|Any CPU.ActiveCfg = Debug|Any CPU
		{A49F6472-062F-4548-AF59-FF2B0BFF6090}.Debug|Any CPU.Build.0 = Debug|Any CPU
		{A49F6472-062F-4548-AF59-FF2B0BFF6090}.Release|Any CPU.ActiveCfg = Release|Any CPU
		{A49F6472-062F-4548-AF59-FF2B0BFF6090}.Release|Any CPU.Build.0 = Release|Any CPU
	EndGlobalSection
	GlobalSection(SolutionProperties) = preSolution
		HideSolutionNode = FALSE
	EndGlobalSection
	GlobalSection(ExtensibilityGlobals) = postSolution
		SolutionGuid = {62DC6B2C-2E6C-41D9-B81C-E34814CCFDE1}
	EndGlobalSection
EndGlobal
