
Microsoft Visual Studio Solution File, Format Version 12.00
# Visual Studio Version 16
VisualStudioVersion = 16.0.29926.136
MinimumVisualStudioVersion = 10.0.40219.1
Project("{9A19103F-16F7-4668-BE54-9A1E7A4F7556}") = "UsToLeva", "UsToLeva\UsToLeva.csproj", "{E258EEF2-2938-4F5C-89DC-2595C181BEB8}"
EndProject
Project("{9A19103F-16F7-4668-BE54-9A1E7A4F7556}") = "RadToDegrees", "RadToDegrees\RadToDegrees.csproj", "{34D20E1E-DBDC-4E4F-896A-20FA27F82B54}"
EndProject
Project("{FAE04EC0-301F-11D3-BF4B-00C04F79EFBC}") = "AreaOfParalelepipet", "AreaOfParalelepipet\AreaOfParalelepipet.csproj", "{864D8F08-7720-439A-97BC-92BF22ED2571}"
EndProject
Project("{FAE04EC0-301F-11D3-BF4B-00C04F79EFBC}") = "SewingWorkshop", "SewingWorkshop\SewingWorkshop.csproj", "{15F91CD1-6D6F-4CE3-8695-FC39B7AB807C}"
EndProject
Project("{FAE04EC0-301F-11D3-BF4B-00C04F79EFBC}") = "HallDance", "HallDance\HallDance.csproj", "{B0E3292E-CAF9-4750-BAEA-008612892BEF}"
EndProject
Project("{FAE04EC0-301F-11D3-BF4B-00C04F79EFBC}") = "CharityCampagn", "CharityCampagn\CharityCampagn.csproj", "{ABF819ED-B392-40FB-84AE-0BB4E1C9309E}"
EndProject
Project("{FAE04EC0-301F-11D3-BF4B-00C04F79EFBC}") = "AlcoholExchange", "AlcoholExchange\AlcoholExchange.csproj", "{F3480756-DEEE-40CC-9D71-6F1AC6EE3860}"
EndProject
Global
	GlobalSection(SolutionConfigurationPlatforms) = preSolution
		Debug|Any CPU = Debug|Any CPU
		Release|Any CPU = Release|Any CPU
	EndGlobalSection
	GlobalSection(ProjectConfigurationPlatforms) = postSolution
		{E258EEF2-2938-4F5C-89DC-2595C181BEB8}.Debug|Any CPU.ActiveCfg = Debug|Any CPU
		{E258EEF2-2938-4F5C-89DC-2595C181BEB8}.Debug|Any CPU.Build.0 = Debug|Any CPU
		{E258EEF2-2938-4F5C-89DC-2595C181BEB8}.Release|Any CPU.ActiveCfg = Release|Any CPU
		{E258EEF2-2938-4F5C-89DC-2595C181BEB8}.Release|Any CPU.Build.0 = Release|Any CPU
		{34D20E1E-DBDC-4E4F-896A-20FA27F82B54}.Debug|Any CPU.ActiveCfg = Debug|Any CPU
		{34D20E1E-DBDC-4E4F-896A-20FA27F82B54}.Debug|Any CPU.Build.0 = Debug|Any CPU
		{34D20E1E-DBDC-4E4F-896A-20FA27F82B54}.Release|Any CPU.ActiveCfg = Release|Any CPU
		{34D20E1E-DBDC-4E4F-896A-20FA27F82B54}.Release|Any CPU.Build.0 = Release|Any CPU
		{864D8F08-7720-439A-97BC-92BF22ED2571}.Debug|Any CPU.ActiveCfg = Debug|Any CPU
		{864D8F08-7720-439A-97BC-92BF22ED2571}.Debug|Any CPU.Build.0 = Debug|Any CPU
		{864D8F08-7720-439A-97BC-92BF22ED2571}.Release|Any CPU.ActiveCfg = Release|Any CPU
		{864D8F08-7720-439A-97BC-92BF22ED2571}.Release|Any CPU.Build.0 = Release|Any CPU
		{15F91CD1-6D6F-4CE3-8695-FC39B7AB807C}.Debug|Any CPU.ActiveCfg = Debug|Any CPU
		{15F91CD1-6D6F-4CE3-8695-FC39B7AB807C}.Debug|Any CPU.Build.0 = Debug|Any CPU
		{15F91CD1-6D6F-4CE3-8695-FC39B7AB807C}.Release|Any CPU.ActiveCfg = Release|Any CPU
		{15F91CD1-6D6F-4CE3-8695-FC39B7AB807C}.Release|Any CPU.Build.0 = Release|Any CPU
		{B0E3292E-CAF9-4750-BAEA-008612892BEF}.Debug|Any CPU.ActiveCfg = Debug|Any CPU
		{B0E3292E-CAF9-4750-BAEA-008612892BEF}.Debug|Any CPU.Build.0 = Debug|Any CPU
		{B0E3292E-CAF9-4750-BAEA-008612892BEF}.Release|Any CPU.ActiveCfg = Release|Any CPU
		{B0E3292E-CAF9-4750-BAEA-008612892BEF}.Release|Any CPU.Build.0 = Release|Any CPU
		{ABF819ED-B392-40FB-84AE-0BB4E1C9309E}.Debug|Any CPU.ActiveCfg = Debug|Any CPU
		{ABF819ED-B392-40FB-84AE-0BB4E1C9309E}.Debug|Any CPU.Build.0 = Debug|Any CPU
		{ABF819ED-B392-40FB-84AE-0BB4E1C9309E}.Release|Any CPU.ActiveCfg = Release|Any CPU
		{ABF819ED-B392-40FB-84AE-0BB4E1C9309E}.Release|Any CPU.Build.0 = Release|Any CPU
		{F3480756-DEEE-40CC-9D71-6F1AC6EE3860}.Debug|Any CPU.ActiveCfg = Debug|Any CPU
		{F3480756-DEEE-40CC-9D71-6F1AC6EE3860}.Debug|Any CPU.Build.0 = Debug|Any CPU
		{F3480756-DEEE-40CC-9D71-6F1AC6EE3860}.Release|Any CPU.ActiveCfg = Release|Any CPU
		{F3480756-DEEE-40CC-9D71-6F1AC6EE3860}.Release|Any CPU.Build.0 = Release|Any CPU
	EndGlobalSection
	GlobalSection(SolutionProperties) = preSolution
		HideSolutionNode = FALSE
	EndGlobalSection
	GlobalSection(ExtensibilityGlobals) = postSolution
		SolutionGuid = {1E26ACF7-178A-4679-9311-4EFC9FAC0A4A}
	EndGlobalSection
EndGlobal
