
Microsoft Visual Studio Solution File, Format Version 12.00
# Visual Studio Version 16
VisualStudioVersion = 16.0.30804.86
MinimumVisualStudioVersion = 10.0.40219.1
Project("{FAE04EC0-301F-11D3-BF4B-00C04F79EFBC}") = "01.Zad1", "01.Zad1\01.Zad1.csproj", "{390D88BF-8AC3-4F0B-B565-1374E9788AAF}"
EndProject
Project("{FAE04EC0-301F-11D3-BF4B-00C04F79EFBC}") = "02.Zad2", "02.Zad2\02.Zad2.csproj", "{1E81DD16-3679-4B0B-B158-5D8CDB08CDDA}"
EndProject
Project("{FAE04EC0-301F-11D3-BF4B-00C04F79EFBC}") = "03.Zad3", "03.Zad3\03.Zad3.csproj", "{DCEA9CB9-420A-4D14-B466-D7817933F5DD}"
EndProject
Global
	GlobalSection(SolutionConfigurationPlatforms) = preSolution
		Debug|Any CPU = Debug|Any CPU
		Release|Any CPU = Release|Any CPU
	EndGlobalSection
	GlobalSection(ProjectConfigurationPlatforms) = postSolution
		{390D88BF-8AC3-4F0B-B565-1374E9788AAF}.Debug|Any CPU.ActiveCfg = Debug|Any CPU
		{390D88BF-8AC3-4F0B-B565-1374E9788AAF}.Debug|Any CPU.Build.0 = Debug|Any CPU
		{390D88BF-8AC3-4F0B-B565-1374E9788AAF}.Release|Any CPU.ActiveCfg = Release|Any CPU
		{390D88BF-8AC3-4F0B-B565-1374E9788AAF}.Release|Any CPU.Build.0 = Release|Any CPU
		{1E81DD16-3679-4B0B-B158-5D8CDB08CDDA}.Debug|Any CPU.ActiveCfg = Debug|Any CPU
		{1E81DD16-3679-4B0B-B158-5D8CDB08CDDA}.Debug|Any CPU.Build.0 = Debug|Any CPU
		{1E81DD16-3679-4B0B-B158-5D8CDB08CDDA}.Release|Any CPU.ActiveCfg = Release|Any CPU
		{1E81DD16-3679-4B0B-B158-5D8CDB08CDDA}.Release|Any CPU.Build.0 = Release|Any CPU
		{DCEA9CB9-420A-4D14-B466-D7817933F5DD}.Debug|Any CPU.ActiveCfg = Debug|Any CPU
		{DCEA9CB9-420A-4D14-B466-D7817933F5DD}.Debug|Any CPU.Build.0 = Debug|Any CPU
		{DCEA9CB9-420A-4D14-B466-D7817933F5DD}.Release|Any CPU.ActiveCfg = Release|Any CPU
		{DCEA9CB9-420A-4D14-B466-D7817933F5DD}.Release|Any CPU.Build.0 = Release|Any CPU
	EndGlobalSection
	GlobalSection(SolutionProperties) = preSolution
		HideSolutionNode = FALSE
	EndGlobalSection
	GlobalSection(ExtensibilityGlobals) = postSolution
		SolutionGuid = {5C594F70-20A1-4694-9634-E438F7F4D6EA}
	EndGlobalSection
EndGlobal
