
Microsoft Visual Studio Solution File, Format Version 12.00
# Visual Studio Version 16
VisualStudioVersion = 16.0.30621.155
MinimumVisualStudioVersion = 10.0.40219.1
Project("{9A19103F-16F7-4668-BE54-9A1E7A4F7556}") = "01.NationalCourt", "01.NationalCourt\01.NationalCourt.csproj", "{55553F4F-FFBF-443C-B1F7-D3FC0C673C34}"
EndProject
Project("{FAE04EC0-301F-11D3-BF4B-00C04F79EFBC}") = "02.ShopingList", "02.ShopingList\02.ShopingList.csproj", "{2441BFCB-A9D7-4164-8965-D3A96BB056CD}"
EndProject
Project("{FAE04EC0-301F-11D3-BF4B-00C04F79EFBC}") = "03.HeardDivise", "03.HeardDivise\03.HeardDivise.csproj", "{EDC86522-0F03-4A8D-8FAB-346C0AD86879}"
EndProject
Global
	GlobalSection(SolutionConfigurationPlatforms) = preSolution
		Debug|Any CPU = Debug|Any CPU
		Release|Any CPU = Release|Any CPU
	EndGlobalSection
	GlobalSection(ProjectConfigurationPlatforms) = postSolution
		{55553F4F-FFBF-443C-B1F7-D3FC0C673C34}.Debug|Any CPU.ActiveCfg = Debug|Any CPU
		{55553F4F-FFBF-443C-B1F7-D3FC0C673C34}.Debug|Any CPU.Build.0 = Debug|Any CPU
		{55553F4F-FFBF-443C-B1F7-D3FC0C673C34}.Release|Any CPU.ActiveCfg = Release|Any CPU
		{55553F4F-FFBF-443C-B1F7-D3FC0C673C34}.Release|Any CPU.Build.0 = Release|Any CPU
		{2441BFCB-A9D7-4164-8965-D3A96BB056CD}.Debug|Any CPU.ActiveCfg = Debug|Any CPU
		{2441BFCB-A9D7-4164-8965-D3A96BB056CD}.Debug|Any CPU.Build.0 = Debug|Any CPU
		{2441BFCB-A9D7-4164-8965-D3A96BB056CD}.Release|Any CPU.ActiveCfg = Release|Any CPU
		{2441BFCB-A9D7-4164-8965-D3A96BB056CD}.Release|Any CPU.Build.0 = Release|Any CPU
		{EDC86522-0F03-4A8D-8FAB-346C0AD86879}.Debug|Any CPU.ActiveCfg = Debug|Any CPU
		{EDC86522-0F03-4A8D-8FAB-346C0AD86879}.Debug|Any CPU.Build.0 = Debug|Any CPU
		{EDC86522-0F03-4A8D-8FAB-346C0AD86879}.Release|Any CPU.ActiveCfg = Release|Any CPU
		{EDC86522-0F03-4A8D-8FAB-346C0AD86879}.Release|Any CPU.Build.0 = Release|Any CPU
	EndGlobalSection
	GlobalSection(SolutionProperties) = preSolution
		HideSolutionNode = FALSE
	EndGlobalSection
	GlobalSection(ExtensibilityGlobals) = postSolution
		SolutionGuid = {0CF60128-18EB-4FBE-A852-46EE523C327F}
	EndGlobalSection
EndGlobal
