
Microsoft Visual Studio Solution File, Format Version 12.00
# Visual Studio Version 16
VisualStudioVersion = 16.0.30717.126
MinimumVisualStudioVersion = 10.0.40219.1
Project("{FAE04EC0-301F-11D3-BF4B-00C04F79EFBC}") = "01.MatchFullName", "01.MatchFullName\01.MatchFullName.csproj", "{D1526FC5-EB91-4E7D-99CF-397CB04627FF}"
EndProject
Project("{FAE04EC0-301F-11D3-BF4B-00C04F79EFBC}") = "02.MatchPhoneNumber", "02.MatchPhoneNumber\02.MatchPhoneNumber.csproj", "{9426E1F2-976F-44C3-81A3-0A76841BBFE6}"
EndProject
Project("{FAE04EC0-301F-11D3-BF4B-00C04F79EFBC}") = "03.MathDates", "03.MathDates\03.MathDates.csproj", "{4CA73955-CCA3-4EC9-A11C-CC332922802E}"
EndProject
Global
	GlobalSection(SolutionConfigurationPlatforms) = preSolution
		Debug|Any CPU = Debug|Any CPU
		Release|Any CPU = Release|Any CPU
	EndGlobalSection
	GlobalSection(ProjectConfigurationPlatforms) = postSolution
		{D1526FC5-EB91-4E7D-99CF-397CB04627FF}.Debug|Any CPU.ActiveCfg = Debug|Any CPU
		{D1526FC5-EB91-4E7D-99CF-397CB04627FF}.Debug|Any CPU.Build.0 = Debug|Any CPU
		{D1526FC5-EB91-4E7D-99CF-397CB04627FF}.Release|Any CPU.ActiveCfg = Release|Any CPU
		{D1526FC5-EB91-4E7D-99CF-397CB04627FF}.Release|Any CPU.Build.0 = Release|Any CPU
		{9426E1F2-976F-44C3-81A3-0A76841BBFE6}.Debug|Any CPU.ActiveCfg = Debug|Any CPU
		{9426E1F2-976F-44C3-81A3-0A76841BBFE6}.Debug|Any CPU.Build.0 = Debug|Any CPU
		{9426E1F2-976F-44C3-81A3-0A76841BBFE6}.Release|Any CPU.ActiveCfg = Release|Any CPU
		{9426E1F2-976F-44C3-81A3-0A76841BBFE6}.Release|Any CPU.Build.0 = Release|Any CPU
		{4CA73955-CCA3-4EC9-A11C-CC332922802E}.Debug|Any CPU.ActiveCfg = Debug|Any CPU
		{4CA73955-CCA3-4EC9-A11C-CC332922802E}.Debug|Any CPU.Build.0 = Debug|Any CPU
		{4CA73955-CCA3-4EC9-A11C-CC332922802E}.Release|Any CPU.ActiveCfg = Release|Any CPU
		{4CA73955-CCA3-4EC9-A11C-CC332922802E}.Release|Any CPU.Build.0 = Release|Any CPU
	EndGlobalSection
	GlobalSection(SolutionProperties) = preSolution
		HideSolutionNode = FALSE
	EndGlobalSection
	GlobalSection(ExtensibilityGlobals) = postSolution
		SolutionGuid = {249A3C07-5804-460F-A091-352E106BC1F5}
	EndGlobalSection
EndGlobal
