
Microsoft Visual Studio Solution File, Format Version 12.00
# Visual Studio Version 16
VisualStudioVersion = 16.0.30503.244
MinimumVisualStudioVersion = 10.0.40219.1
Project("{9A19103F-16F7-4668-BE54-9A1E7A4F7556}") = "01.Ages", "01.Ages\01.Ages.csproj", "{CA60B221-94ED-4401-9F68-007336FBE423}"
EndProject
Project("{9A19103F-16F7-4668-BE54-9A1E7A4F7556}") = "02.Division", "02.Division\02.Division.csproj", "{6583A33D-2A8A-4FF1-8978-4B2DC14F88B4}"
EndProject
Project("{9A19103F-16F7-4668-BE54-9A1E7A4F7556}") = "04.PrintAndSum", "04.PrintAndSum\04.PrintAndSum.csproj", "{BE8A97C2-DDFD-4B7C-89EB-27D96871E94B}"
EndProject
Project("{9A19103F-16F7-4668-BE54-9A1E7A4F7556}") = "03.Vacantion", "03.Vacantion\03.Vacantion.csproj", "{C7F560DD-8576-4ADD-B989-60491ADD0808}"
EndProject
Project("{9A19103F-16F7-4668-BE54-9A1E7A4F7556}") = "05.ReversPasword", "05.ReversPasword\05.ReversPasword.csproj", "{0A13A10B-E639-4E84-9424-E3660ED16FAC}"
EndProject
Project("{9A19103F-16F7-4668-BE54-9A1E7A4F7556}") = "08.Piramid", "08.Piramid\08.Piramid.csproj", "{34F080AD-D321-4420-8D05-4A5BF9D5102D}"
EndProject
Project("{9A19103F-16F7-4668-BE54-9A1E7A4F7556}") = "06.StrongNumber", "06.StrongNumber\06.StrongNumber.csproj", "{AC6FDDAA-3157-40FB-8CE4-3FAFBDB3A12C}"
EndProject
Project("{9A19103F-16F7-4668-BE54-9A1E7A4F7556}") = "07.VendingMashine", "07.VendingMashine\07.VendingMashine.csproj", "{C80F2697-0C6D-49AF-9363-26B09D90DE70}"
EndProject
Project("{FAE04EC0-301F-11D3-BF4B-00C04F79EFBC}") = "10.Rage", "10.Rage\10.Rage.csproj", "{8CAE6C9D-5D28-4847-8320-E2888C20EB41}"
EndProject
Project("{FAE04EC0-301F-11D3-BF4B-00C04F79EFBC}") = "09.Padawan", "09.Padawan\09.Padawan.csproj", "{E1D45472-D94E-4A0A-AE4D-9781F49B5FAF}"
EndProject
Global
	GlobalSection(SolutionConfigurationPlatforms) = preSolution
		Debug|Any CPU = Debug|Any CPU
		Release|Any CPU = Release|Any CPU
	EndGlobalSection
	GlobalSection(ProjectConfigurationPlatforms) = postSolution
		{CA60B221-94ED-4401-9F68-007336FBE423}.Debug|Any CPU.ActiveCfg = Debug|Any CPU
		{CA60B221-94ED-4401-9F68-007336FBE423}.Debug|Any CPU.Build.0 = Debug|Any CPU
		{CA60B221-94ED-4401-9F68-007336FBE423}.Release|Any CPU.ActiveCfg = Release|Any CPU
		{CA60B221-94ED-4401-9F68-007336FBE423}.Release|Any CPU.Build.0 = Release|Any CPU
		{6583A33D-2A8A-4FF1-8978-4B2DC14F88B4}.Debug|Any CPU.ActiveCfg = Debug|Any CPU
		{6583A33D-2A8A-4FF1-8978-4B2DC14F88B4}.Debug|Any CPU.Build.0 = Debug|Any CPU
		{6583A33D-2A8A-4FF1-8978-4B2DC14F88B4}.Release|Any CPU.ActiveCfg = Release|Any CPU
		{6583A33D-2A8A-4FF1-8978-4B2DC14F88B4}.Release|Any CPU.Build.0 = Release|Any CPU
		{BE8A97C2-DDFD-4B7C-89EB-27D96871E94B}.Debug|Any CPU.ActiveCfg = Debug|Any CPU
		{BE8A97C2-DDFD-4B7C-89EB-27D96871E94B}.Debug|Any CPU.Build.0 = Debug|Any CPU
		{BE8A97C2-DDFD-4B7C-89EB-27D96871E94B}.Release|Any CPU.ActiveCfg = Release|Any CPU
		{BE8A97C2-DDFD-4B7C-89EB-27D96871E94B}.Release|Any CPU.Build.0 = Release|Any CPU
		{C7F560DD-8576-4ADD-B989-60491ADD0808}.Debug|Any CPU.ActiveCfg = Debug|Any CPU
		{C7F560DD-8576-4ADD-B989-60491ADD0808}.Debug|Any CPU.Build.0 = Debug|Any CPU
		{C7F560DD-8576-4ADD-B989-60491ADD0808}.Release|Any CPU.ActiveCfg = Release|Any CPU
		{C7F560DD-8576-4ADD-B989-60491ADD0808}.Release|Any CPU.Build.0 = Release|Any CPU
		{0A13A10B-E639-4E84-9424-E3660ED16FAC}.Debug|Any CPU.ActiveCfg = Debug|Any CPU
		{0A13A10B-E639-4E84-9424-E3660ED16FAC}.Debug|Any CPU.Build.0 = Debug|Any CPU
		{0A13A10B-E639-4E84-9424-E3660ED16FAC}.Release|Any CPU.ActiveCfg = Release|Any CPU
		{0A13A10B-E639-4E84-9424-E3660ED16FAC}.Release|Any CPU.Build.0 = Release|Any CPU
		{34F080AD-D321-4420-8D05-4A5BF9D5102D}.Debug|Any CPU.ActiveCfg = Debug|Any CPU
		{34F080AD-D321-4420-8D05-4A5BF9D5102D}.Debug|Any CPU.Build.0 = Debug|Any CPU
		{34F080AD-D321-4420-8D05-4A5BF9D5102D}.Release|Any CPU.ActiveCfg = Release|Any CPU
		{34F080AD-D321-4420-8D05-4A5BF9D5102D}.Release|Any CPU.Build.0 = Release|Any CPU
		{AC6FDDAA-3157-40FB-8CE4-3FAFBDB3A12C}.Debug|Any CPU.ActiveCfg = Debug|Any CPU
		{AC6FDDAA-3157-40FB-8CE4-3FAFBDB3A12C}.Debug|Any CPU.Build.0 = Debug|Any CPU
		{AC6FDDAA-3157-40FB-8CE4-3FAFBDB3A12C}.Release|Any CPU.ActiveCfg = Release|Any CPU
		{AC6FDDAA-3157-40FB-8CE4-3FAFBDB3A12C}.Release|Any CPU.Build.0 = Release|Any CPU
		{C80F2697-0C6D-49AF-9363-26B09D90DE70}.Debug|Any CPU.ActiveCfg = Debug|Any CPU
		{C80F2697-0C6D-49AF-9363-26B09D90DE70}.Debug|Any CPU.Build.0 = Debug|Any CPU
		{C80F2697-0C6D-49AF-9363-26B09D90DE70}.Release|Any CPU.ActiveCfg = Release|Any CPU
		{C80F2697-0C6D-49AF-9363-26B09D90DE70}.Release|Any CPU.Build.0 = Release|Any CPU
		{8CAE6C9D-5D28-4847-8320-E2888C20EB41}.Debug|Any CPU.ActiveCfg = Debug|Any CPU
		{8CAE6C9D-5D28-4847-8320-E2888C20EB41}.Debug|Any CPU.Build.0 = Debug|Any CPU
		{8CAE6C9D-5D28-4847-8320-E2888C20EB41}.Release|Any CPU.ActiveCfg = Release|Any CPU
		{8CAE6C9D-5D28-4847-8320-E2888C20EB41}.Release|Any CPU.Build.0 = Release|Any CPU
		{E1D45472-D94E-4A0A-AE4D-9781F49B5FAF}.Debug|Any CPU.ActiveCfg = Debug|Any CPU
		{E1D45472-D94E-4A0A-AE4D-9781F49B5FAF}.Debug|Any CPU.Build.0 = Debug|Any CPU
		{E1D45472-D94E-4A0A-AE4D-9781F49B5FAF}.Release|Any CPU.ActiveCfg = Release|Any CPU
		{E1D45472-D94E-4A0A-AE4D-9781F49B5FAF}.Release|Any CPU.Build.0 = Release|Any CPU
	EndGlobalSection
	GlobalSection(SolutionProperties) = preSolution
		HideSolutionNode = FALSE
	EndGlobalSection
	GlobalSection(ExtensibilityGlobals) = postSolution
		SolutionGuid = {796077F2-AC5D-459F-9032-85CC0D665B5E}
	EndGlobalSection
EndGlobal
