
Microsoft Visual Studio Solution File, Format Version 12.00
# Visual Studio Version 16
VisualStudioVersion = 16.0.30907.101
MinimumVisualStudioVersion = 10.0.40219.1
Project("{9A19103F-16F7-4668-BE54-9A1E7A4F7556}") = "01.DiagonalDifference", "01.DiagonalDifference\01.DiagonalDifference.csproj", "{D557DF42-5C37-49B8-B901-A0330E87F0EF}"
EndProject
Project("{9A19103F-16F7-4668-BE54-9A1E7A4F7556}") = "02.2x2SquaresinMatrix", "02.2x2SquaresinMatrix\02.2x2SquaresinMatrix.csproj", "{4353461D-E89C-448B-9494-813DF193EA93}"
EndProject
Project("{9A19103F-16F7-4668-BE54-9A1E7A4F7556}") = "03.MatrixSum", "03.MatrixSum\03.MatrixSum.csproj", "{270BB906-440F-462B-83AF-9F4BAB508E1F}"
EndProject
Project("{9A19103F-16F7-4668-BE54-9A1E7A4F7556}") = "04.MatrixShuffling", "04.MatrixShuffling\04.MatrixShuffling.csproj", "{B2FA846A-D94A-49BB-BEB8-98CF62527708}"
EndProject
Project("{9A19103F-16F7-4668-BE54-9A1E7A4F7556}") = "05.SnakeMoves", "05.SnakeMoves\05.SnakeMoves.csproj", "{29E68B8B-8B05-4547-AAAC-6C57EBD4B88D}"
EndProject
Project("{9A19103F-16F7-4668-BE54-9A1E7A4F7556}") = "06.JaggedArrayManipulator", "06.JaggedArrayManipulator\06.JaggedArrayManipulator.csproj", "{26053479-7411-4E52-893F-18A3D0D60946}"
EndProject
Project("{FAE04EC0-301F-11D3-BF4B-00C04F79EFBC}") = "07.KnightGame", "07.KnightGame\07.KnightGame.csproj", "{B5852E85-E17C-4916-9770-039F3AFBA477}"
EndProject
Global
	GlobalSection(SolutionConfigurationPlatforms) = preSolution
		Debug|Any CPU = Debug|Any CPU
		Release|Any CPU = Release|Any CPU
	EndGlobalSection
	GlobalSection(ProjectConfigurationPlatforms) = postSolution
		{D557DF42-5C37-49B8-B901-A0330E87F0EF}.Debug|Any CPU.ActiveCfg = Debug|Any CPU
		{D557DF42-5C37-49B8-B901-A0330E87F0EF}.Debug|Any CPU.Build.0 = Debug|Any CPU
		{D557DF42-5C37-49B8-B901-A0330E87F0EF}.Release|Any CPU.ActiveCfg = Release|Any CPU
		{D557DF42-5C37-49B8-B901-A0330E87F0EF}.Release|Any CPU.Build.0 = Release|Any CPU
		{4353461D-E89C-448B-9494-813DF193EA93}.Debug|Any CPU.ActiveCfg = Debug|Any CPU
		{4353461D-E89C-448B-9494-813DF193EA93}.Debug|Any CPU.Build.0 = Debug|Any CPU
		{4353461D-E89C-448B-9494-813DF193EA93}.Release|Any CPU.ActiveCfg = Release|Any CPU
		{4353461D-E89C-448B-9494-813DF193EA93}.Release|Any CPU.Build.0 = Release|Any CPU
		{270BB906-440F-462B-83AF-9F4BAB508E1F}.Debug|Any CPU.ActiveCfg = Debug|Any CPU
		{270BB906-440F-462B-83AF-9F4BAB508E1F}.Debug|Any CPU.Build.0 = Debug|Any CPU
		{270BB906-440F-462B-83AF-9F4BAB508E1F}.Release|Any CPU.ActiveCfg = Release|Any CPU
		{270BB906-440F-462B-83AF-9F4BAB508E1F}.Release|Any CPU.Build.0 = Release|Any CPU
		{B2FA846A-D94A-49BB-BEB8-98CF62527708}.Debug|Any CPU.ActiveCfg = Debug|Any CPU
		{B2FA846A-D94A-49BB-BEB8-98CF62527708}.Debug|Any CPU.Build.0 = Debug|Any CPU
		{B2FA846A-D94A-49BB-BEB8-98CF62527708}.Release|Any CPU.ActiveCfg = Release|Any CPU
		{B2FA846A-D94A-49BB-BEB8-98CF62527708}.Release|Any CPU.Build.0 = Release|Any CPU
		{29E68B8B-8B05-4547-AAAC-6C57EBD4B88D}.Debug|Any CPU.ActiveCfg = Debug|Any CPU
		{29E68B8B-8B05-4547-AAAC-6C57EBD4B88D}.Debug|Any CPU.Build.0 = Debug|Any CPU
		{29E68B8B-8B05-4547-AAAC-6C57EBD4B88D}.Release|Any CPU.ActiveCfg = Release|Any CPU
		{29E68B8B-8B05-4547-AAAC-6C57EBD4B88D}.Release|Any CPU.Build.0 = Release|Any CPU
		{26053479-7411-4E52-893F-18A3D0D60946}.Debug|Any CPU.ActiveCfg = Debug|Any CPU
		{26053479-7411-4E52-893F-18A3D0D60946}.Debug|Any CPU.Build.0 = Debug|Any CPU
		{26053479-7411-4E52-893F-18A3D0D60946}.Release|Any CPU.ActiveCfg = Release|Any CPU
		{26053479-7411-4E52-893F-18A3D0D60946}.Release|Any CPU.Build.0 = Release|Any CPU
		{B5852E85-E17C-4916-9770-039F3AFBA477}.Debug|Any CPU.ActiveCfg = Debug|Any CPU
		{B5852E85-E17C-4916-9770-039F3AFBA477}.Debug|Any CPU.Build.0 = Debug|Any CPU
		{B5852E85-E17C-4916-9770-039F3AFBA477}.Release|Any CPU.ActiveCfg = Release|Any CPU
		{B5852E85-E17C-4916-9770-039F3AFBA477}.Release|Any CPU.Build.0 = Release|Any CPU
	EndGlobalSection
	GlobalSection(SolutionProperties) = preSolution
		HideSolutionNode = FALSE
	EndGlobalSection
	GlobalSection(ExtensibilityGlobals) = postSolution
		SolutionGuid = {9713D12F-1A7D-4EEF-973A-0D85731F6D1E}
	EndGlobalSection
EndGlobal
